// !$*UTF8*$!
{
	archiveVersion = 1;
	classes = {
	};
	objectVersion = 55;
	objects = {

/* Begin PBXBuildFile section */
		99CA40AB8272E157480B4632 /* Pods_MarvelExplorerTests.framework in Frameworks */ = {isa = PBXBuildFile; fileRef = F8728100694C01A2764D4BAF /* Pods_MarvelExplorerTests.framework */; };
		AE351DD81134F2AA8CCD729E /* Pods_MarvelExplorer.framework in Frameworks */ = {isa = PBXBuildFile; fileRef = 0EDAD770D1885430DE48FF21 /* Pods_MarvelExplorer.framework */; };
		EF1F8C5A281CE525002DE22C /* AppDelegate.swift in Sources */ = {isa = PBXBuildFile; fileRef = EF1F8C59281CE525002DE22C /* AppDelegate.swift */; };
		EF1F8C5E281CE525002DE22C /* ViewController.swift in Sources */ = {isa = PBXBuildFile; fileRef = EF1F8C5D281CE525002DE22C /* ViewController.swift */; };
		EF1F8C63281CE527002DE22C /* Assets.xcassets in Resources */ = {isa = PBXBuildFile; fileRef = EF1F8C62281CE527002DE22C /* Assets.xcassets */; };
		EF1F8C66281CE527002DE22C /* LaunchScreen.storyboard in Resources */ = {isa = PBXBuildFile; fileRef = EF1F8C64281CE527002DE22C /* LaunchScreen.storyboard */; };
		EF1F8C8C281CE5E6002DE22C /* ImageCache.swift in Sources */ = {isa = PBXBuildFile; fileRef = EF1F8C8A281CE5E5002DE22C /* ImageCache.swift */; };
		EF1F8C8D281CE5E6002DE22C /* ImageLoaderService.swift in Sources */ = {isa = PBXBuildFile; fileRef = EF1F8C8B281CE5E6002DE22C /* ImageLoaderService.swift */; };
		EF1F8C91281CE6A4002DE22C /* AutoMockable.swift in Sources */ = {isa = PBXBuildFile; fileRef = EF1F8C90281CE6A4002DE22C /* AutoMockable.swift */; };
		EF1F8C95281CE773002DE22C /* Publisher+ConvenienceMethods.swift in Sources */ = {isa = PBXBuildFile; fileRef = EF1F8C94281CE773002DE22C /* Publisher+ConvenienceMethods.swift */; };
		EF1F8C9A281CE8D1002DE22C /* NetworkServiceType.swift in Sources */ = {isa = PBXBuildFile; fileRef = EF1F8C97281CE8D1002DE22C /* NetworkServiceType.swift */; };
		EF1F8C9B281CE8D1002DE22C /* NetworkService.swift in Sources */ = {isa = PBXBuildFile; fileRef = EF1F8C98281CE8D1002DE22C /* NetworkService.swift */; };
		EF1F8C9C281CE8D1002DE22C /* Resource.swift in Sources */ = {isa = PBXBuildFile; fileRef = EF1F8C99281CE8D1002DE22C /* Resource.swift */; };
		EF1F8C9E281CE965002DE22C /* ServiceProvider.swift in Sources */ = {isa = PBXBuildFile; fileRef = EF1F8C9D281CE964002DE22C /* ServiceProvider.swift */; };
		EF1F8CA1281CE9C3002DE22C /* MarvelConstants.swift in Sources */ = {isa = PBXBuildFile; fileRef = EF1F8CA0281CE9C3002DE22C /* MarvelConstants.swift */; };
		EF1F8CA4281CEB54002DE22C /* FlowCoordinator.swift in Sources */ = {isa = PBXBuildFile; fileRef = EF1F8CA3281CEB54002DE22C /* FlowCoordinator.swift */; };
		EF1F8CA6281CED73002DE22C /* AppFlowCoordinator.swift in Sources */ = {isa = PBXBuildFile; fileRef = EF1F8CA5281CED73002DE22C /* AppFlowCoordinator.swift */; };
		EF1F8CA8281CED8F002DE22C /* ApplicationFlowCoordinatorDependencyProvider.swift in Sources */ = {isa = PBXBuildFile; fileRef = EF1F8CA7281CED8F002DE22C /* ApplicationFlowCoordinatorDependencyProvider.swift */; };
		EF1F8CAC281CEE53002DE22C /* ReposListNavigator.swift in Sources */ = {isa = PBXBuildFile; fileRef = EF1F8CAB281CEE53002DE22C /* ReposListNavigator.swift */; };
		EF1F8CB3281CF03B002DE22C /* ApplicationComponentsFactory.swift in Sources */ = {isa = PBXBuildFile; fileRef = EF1F8CB2281CF03B002DE22C /* ApplicationComponentsFactory.swift */; };
		EF1F8CB8281CF1E7002DE22C /* SeriesListFlowCoordinator.swift in Sources */ = {isa = PBXBuildFile; fileRef = EF1F8CB7281CF1E7002DE22C /* SeriesListFlowCoordinator.swift */; };
		EF1F8CBA281CF6E4002DE22C /* Thumbnail.swift in Sources */ = {isa = PBXBuildFile; fileRef = EF1F8CB9281CF6E4002DE22C /* Thumbnail.swift */; };
		EF1F8CBF281CF97A002DE22C /* MarvelSeriesRepository.swift in Sources */ = {isa = PBXBuildFile; fileRef = EF1F8CBE281CF97A002DE22C /* MarvelSeriesRepository.swift */; };
		EF1F8CC1281D03B3002DE22C /* PosterImageRepository.swift in Sources */ = {isa = PBXBuildFile; fileRef = EF1F8CC0281D03B3002DE22C /* PosterImageRepository.swift */; };
		EF1F8CC5281D047D002DE22C /* DefaultSeriesRepository.swift in Sources */ = {isa = PBXBuildFile; fileRef = EF1F8CC4281D047D002DE22C /* DefaultSeriesRepository.swift */; };
		EF1F8CC7281D05B9002DE22C /* Resource+MarvelSeries.swift in Sources */ = {isa = PBXBuildFile; fileRef = EF1F8CC6281D05B9002DE22C /* Resource+MarvelSeries.swift */; };
		EF1F8CCB281D0608002DE22C /* SeriesDTO.swift in Sources */ = {isa = PBXBuildFile; fileRef = EF1F8CCA281D0608002DE22C /* SeriesDTO.swift */; };
		EF1F8CCD281D0E7B002DE22C /* String+md5.swift in Sources */ = {isa = PBXBuildFile; fileRef = EF1F8CCC281D0E7B002DE22C /* String+md5.swift */; };
		EF1F8CD0281D10FB002DE22C /* Resource+MarvelParameters.swift in Sources */ = {isa = PBXBuildFile; fileRef = EF1F8CCF281D10FB002DE22C /* Resource+MarvelParameters.swift */; };
		EF1F8CD2281D1279002DE22C /* MarvelResponse.swift in Sources */ = {isa = PBXBuildFile; fileRef = EF1F8CD1281D1279002DE22C /* MarvelResponse.swift */; };
		EF1F8CD5281D12EF002DE22C /* MarvelPaginator.swift in Sources */ = {isa = PBXBuildFile; fileRef = EF1F8CD4281D12EF002DE22C /* MarvelPaginator.swift */; };
		EF1F8CD7281D1407002DE22C /* ThumbnailDTO.swift in Sources */ = {isa = PBXBuildFile; fileRef = EF1F8CD6281D1407002DE22C /* ThumbnailDTO.swift */; };
		EF1F8CDA281D190A002DE22C /* FetchSeriesUseCase.swift in Sources */ = {isa = PBXBuildFile; fileRef = EF1F8CD9281D190A002DE22C /* FetchSeriesUseCase.swift */; };
		EF1F8CDC281D1B2D002DE22C /* Scheduler.swift in Sources */ = {isa = PBXBuildFile; fileRef = EF1F8CDB281D1B2D002DE22C /* Scheduler.swift */; };
		EF1F8CE0281D1BFF002DE22C /* SeriesListViewController.swift in Sources */ = {isa = PBXBuildFile; fileRef = EF1F8CDF281D1BFF002DE22C /* SeriesListViewController.swift */; };
		EF1F8CE4281D1CB7002DE22C /* SeriesListViewModelType.swift in Sources */ = {isa = PBXBuildFile; fileRef = EF1F8CE3281D1CB7002DE22C /* SeriesListViewModelType.swift */; };
		EF1F8CE6281D1D24002DE22C /* SeriesListItemViewModel.swift in Sources */ = {isa = PBXBuildFile; fileRef = EF1F8CE5281D1D24002DE22C /* SeriesListItemViewModel.swift */; };
		EF1F8CE8281D1E80002DE22C /* SeriesListViewModel.swift in Sources */ = {isa = PBXBuildFile; fileRef = EF1F8CE7281D1E80002DE22C /* SeriesListViewModel.swift */; };
		EF1F8CEA281D1FF2002DE22C /* Publisher+flatMapLatest.swift in Sources */ = {isa = PBXBuildFile; fileRef = EF1F8CE9281D1FF2002DE22C /* Publisher+flatMapLatest.swift */; };
		EF1F8CED281D2AEE002DE22C /* SeriesListView.swift in Sources */ = {isa = PBXBuildFile; fileRef = EF1F8CEC281D2AEE002DE22C /* SeriesListView.swift */; };
		EF1F8CEF281D2B3E002DE22C /* SeriesCollectionViewCell.swift in Sources */ = {isa = PBXBuildFile; fileRef = EF1F8CEE281D2B3E002DE22C /* SeriesCollectionViewCell.swift */; };
		EF1F8CF1281D2B7D002DE22C /* SeriesCellView.swift in Sources */ = {isa = PBXBuildFile; fileRef = EF1F8CF0281D2B7D002DE22C /* SeriesCellView.swift */; };
		EF1F8CF3281D38FD002DE22C /* DefaultMarvelSeriesCoverRepository.swift in Sources */ = {isa = PBXBuildFile; fileRef = EF1F8CF2281D38FD002DE22C /* DefaultMarvelSeriesCoverRepository.swift */; };
		EF1F8CF5281D3C0A002DE22C /* LoadCoverUseCase.swift in Sources */ = {isa = PBXBuildFile; fileRef = EF1F8CF4281D3C0A002DE22C /* LoadCoverUseCase.swift */; };
		EF1F8CF7281DAE04002DE22C /* URL+HTTPS.swift in Sources */ = {isa = PBXBuildFile; fileRef = EF1F8CF6281DAE04002DE22C /* URL+HTTPS.swift */; };
		EF1F8CF9281DB500002DE22C /* SeriesListCollectionViewDelegate.swift in Sources */ = {isa = PBXBuildFile; fileRef = EF1F8CF8281DB500002DE22C /* SeriesListCollectionViewDelegate.swift */; };
		EF1F8CFB281DB6BF002DE22C /* Haptics.swift in Sources */ = {isa = PBXBuildFile; fileRef = EF1F8CFA281DB6BF002DE22C /* Haptics.swift */; };
		EF1F8CFF281E067B002DE22C /* AccessibilityIdentifiers.swift in Sources */ = {isa = PBXBuildFile; fileRef = EF1F8CFE281E067A002DE22C /* AccessibilityIdentifiers.swift */; };
		EF8873A0281F62A300938B67 /* main.swift in Sources */ = {isa = PBXBuildFile; fileRef = EF88739F281F62A200938B67 /* main.swift */; };
		EF8879CC281F7F3200938B67 /* FilteredSeries.json in Resources */ = {isa = PBXBuildFile; fileRef = EF92610B281E4AD5001BBFF4 /* FilteredSeries.json */; };
		EF8879CD281F7F3200938B67 /* SeriesListViewModelTests.swift in Sources */ = {isa = PBXBuildFile; fileRef = EF926111281E5AF2001BBFF4 /* SeriesListViewModelTests.swift */; };
		EF8879CE281F7F3200938B67 /* FetchMarvelSeriesUseCaseTests.swift in Sources */ = {isa = PBXBuildFile; fileRef = EFB055CD281E40CA00608B9D /* FetchMarvelSeriesUseCaseTests.swift */; };
		EF8879CF281F7F3200938B67 /* ApplicationFlowCoordinatorMock.swift in Sources */ = {isa = PBXBuildFile; fileRef = EF1F8D04281E0F4B002DE22C /* ApplicationFlowCoordinatorMock.swift */; };
		EF8879D0281F7F3200938B67 /* SeriesResponse.json in Resources */ = {isa = PBXBuildFile; fileRef = EF2ADB83281E17B600D42C97 /* SeriesResponse.json */; };
		EF8879D1281F7F3200938B67 /* Decodable+loadFromFile.swift in Sources */ = {isa = PBXBuildFile; fileRef = EFB055BE281E31A200608B9D /* Decodable+loadFromFile.swift */; };
		EF8879D3281F7F3200938B67 /* SeriesListNavigatorMock.swift in Sources */ = {isa = PBXBuildFile; fileRef = EF926114281E5B4B001BBFF4 /* SeriesListNavigatorMock.swift */; };
		EF8879D4281F7F3200938B67 /* MarvelSeriesCoverRepositoryTests.swift in Sources */ = {isa = PBXBuildFile; fileRef = EFB055C3281E368B00608B9D /* MarvelSeriesCoverRepositoryTests.swift */; };
		EF8879D6281F7F3200938B67 /* SeriesCoverRepositoryTypeMock.swift in Sources */ = {isa = PBXBuildFile; fileRef = EFB055C6281E36BE00608B9D /* SeriesCoverRepositoryTypeMock.swift */; };
		EF8879D7281F7F3200938B67 /* ApplicationFlowCoordinatorTests.swift in Sources */ = {isa = PBXBuildFile; fileRef = EF1F8D01281E0DB9002DE22C /* ApplicationFlowCoordinatorTests.swift */; };
		EF8879D8281F7F3200938B67 /* NetworkServiceTests.swift in Sources */ = {isa = PBXBuildFile; fileRef = EF1F8D0A281E15AF002DE22C /* NetworkServiceTests.swift */; };
		EF8879DC281F7F3200938B67 /* NetworkServiceMock.swift in Sources */ = {isa = PBXBuildFile; fileRef = EF1F8D08281E14E7002DE22C /* NetworkServiceMock.swift */; };
		EF8879DD281F7F3200938B67 /* MarvelSeriesRepositoryTests.swift in Sources */ = {isa = PBXBuildFile; fileRef = EFB055B8281E2F3D00608B9D /* MarvelSeriesRepositoryTests.swift */; };
		EF8879DE281F7F3200938B67 /* URLProtocolMock.swift in Sources */ = {isa = PBXBuildFile; fileRef = EF1F8D06281E145F002DE22C /* URLProtocolMock.swift */; };
		EF8879DF281F7F3200938B67 /* ImageLoaderMock.swift in Sources */ = {isa = PBXBuildFile; fileRef = EFB055C0281E352200608B9D /* ImageLoaderMock.swift */; };
		EF8879E0281F7F3200938B67 /* MarvelSeriesRepositoryMock.swift in Sources */ = {isa = PBXBuildFile; fileRef = EFB055B6281E2D4E00608B9D /* MarvelSeriesRepositoryMock.swift */; };
		EF8879EE281F806A00938B67 /* Series.swift in Sources */ = {isa = PBXBuildFile; fileRef = EF1F8CAE281CEE98002DE22C /* Series.swift */; };
		EF887A3C281F90E400938B67 /* FetchMarvelSeriesUseCaseTypeMock.swift in Sources */ = {isa = PBXBuildFile; fileRef = EFB055CA281E3E0300608B9D /* FetchMarvelSeriesUseCaseTypeMock.swift */; };
		EF887A3D281F90F900938B67 /* LoadSeriesCoverUseCaseMock.swift in Sources */ = {isa = PBXBuildFile; fileRef = EF926116281E5D14001BBFF4 /* LoadSeriesCoverUseCaseMock.swift */; };
		EF887A3E281F910E00938B67 /* EarlGrey.swift in Sources */ = {isa = PBXBuildFile; fileRef = EF88739B281F5C7500938B67 /* EarlGrey.swift */; };
		EF887A43281F912400938B67 /* FakeAppDelegate.swift in Sources */ = {isa = PBXBuildFile; fileRef = EF8873A1281F62DC00938B67 /* FakeAppDelegate.swift */; };
		EF887A44281F912800938B67 /* SeriesListUITests.swift in Sources */ = {isa = PBXBuildFile; fileRef = EF88796B281F7CBC00938B67 /* SeriesListUITests.swift */; };
		EF887A45281F912900938B67 /* SeriesListPage.swift in Sources */ = {isa = PBXBuildFile; fileRef = EF88796A281F7CBC00938B67 /* SeriesListPage.swift */; };
		EF887A46281F912900938B67 /* Page.swift in Sources */ = {isa = PBXBuildFile; fileRef = EF88796C281F7CBC00938B67 /* Page.swift */; };
		EF887A47281F912C00938B67 /* MarvelExplorerTestCase.swift in Sources */ = {isa = PBXBuildFile; fileRef = EF887979281F7D0900938B67 /* MarvelExplorerTestCase.swift */; };
		EF887A48281F914600938B67 /* AccessibilityIdentifiers.swift in Sources */ = {isa = PBXBuildFile; fileRef = EF1F8CFE281E067A002DE22C /* AccessibilityIdentifiers.swift */; };
		EFD89F85281FC417009D3771 /* AppFramework.framework in CopyFiles */ = {isa = PBXBuildFile; fileRef = EFD89F82281FC406009D3771 /* AppFramework.framework */; settings = {ATTRIBUTES = (CodeSignOnCopy, ); }; };
		EFD89F86281FC420009D3771 /* libTestLib.a in Frameworks */ = {isa = PBXBuildFile; fileRef = EFD89F84281FC406009D3771 /* libTestLib.a */; };
		EFD89F88281FC777009D3771 /* AppFramework.framework in CopyFiles */ = {isa = PBXBuildFile; fileRef = EFD89F82281FC406009D3771 /* AppFramework.framework */; settings = {ATTRIBUTES = (CodeSignOnCopy, RemoveHeadersOnCopy, ); }; };
/* End PBXBuildFile section */

/* Begin PBXContainerItemProxy section */
		EF1F8C6D281CE527002DE22C /* PBXContainerItemProxy */ = {
			isa = PBXContainerItemProxy;
			containerPortal = EF1F8C4E281CE525002DE22C /* Project object */;
			proxyType = 1;
			remoteGlobalIDString = EF1F8C55281CE525002DE22C;
			remoteInfo = MarvelExplorer;
		};
		EFD89F7D281FC406009D3771 /* PBXContainerItemProxy */ = {
			isa = PBXContainerItemProxy;
			containerPortal = EFD89F75281FC406009D3771 /* EarlGrey.xcodeproj */;
			proxyType = 2;
			remoteGlobalIDString = FD62395120F56A9700049E81;
			remoteInfo = CommonLib;
		};
		EFD89F7F281FC406009D3771 /* PBXContainerItemProxy */ = {
			isa = PBXContainerItemProxy;
			containerPortal = EFD89F75281FC406009D3771 /* EarlGrey.xcodeproj */;
			proxyType = 2;
			remoteGlobalIDString = FDF9E03520F82D090005DCF2;
			remoteInfo = UILib;
		};
		EFD89F81281FC406009D3771 /* PBXContainerItemProxy */ = {
			isa = PBXContainerItemProxy;
			containerPortal = EFD89F75281FC406009D3771 /* EarlGrey.xcodeproj */;
			proxyType = 2;
			remoteGlobalIDString = FD623A4920F957BE00049E81;
			remoteInfo = AppFramework;
		};
		EFD89F83281FC406009D3771 /* PBXContainerItemProxy */ = {
			isa = PBXContainerItemProxy;
			containerPortal = EFD89F75281FC406009D3771 /* EarlGrey.xcodeproj */;
			proxyType = 2;
			remoteGlobalIDString = FD5048F820FB225100261CBE;
			remoteInfo = TestLib;
		};
/* End PBXContainerItemProxy section */

/* Begin PBXCopyFilesBuildPhase section */
		EF887A3A281F90C500938B67 /* CopyFiles */ = {
			isa = PBXCopyFilesBuildPhase;
			buildActionMask = 2147483647;
			dstPath = "$(TARGET_BUILD_DIR)/../../MarvelExplorer/Frameworks";
			dstSubfolderSpec = 0;
			files = (
				EFD89F85281FC417009D3771 /* AppFramework.framework in CopyFiles */,
			);
			runOnlyForDeploymentPostprocessing = 0;
		};
		EFD89F87281FC772009D3771 /* CopyFiles */ = {
			isa = PBXCopyFilesBuildPhase;
			buildActionMask = 2147483647;
			dstPath = "$(TARGET_BUILD_DIR)/../../MarvelExplorer/Frameworks";
			dstSubfolderSpec = 0;
			files = (
				EFD89F88281FC777009D3771 /* AppFramework.framework in CopyFiles */,
			);
			runOnlyForDeploymentPostprocessing = 0;
		};
/* End PBXCopyFilesBuildPhase section */

/* Begin PBXFileReference section */
		0EDAD770D1885430DE48FF21 /* Pods_MarvelExplorer.framework */ = {isa = PBXFileReference; explicitFileType = wrapper.framework; includeInIndex = 0; path = Pods_MarvelExplorer.framework; sourceTree = BUILT_PRODUCTS_DIR; };
		30F17458D4CC55B401B469E3 /* Pods-MarvelExplorer.release.xcconfig */ = {isa = PBXFileReference; includeInIndex = 1; lastKnownFileType = text.xcconfig; name = "Pods-MarvelExplorer.release.xcconfig"; path = "Target Support Files/Pods-MarvelExplorer/Pods-MarvelExplorer.release.xcconfig"; sourceTree = "<group>"; };
		5CBCC3FFBDDAC0D53F3318AD /* Pods-MarvelExplorerTests.debug.xcconfig */ = {isa = PBXFileReference; includeInIndex = 1; lastKnownFileType = text.xcconfig; name = "Pods-MarvelExplorerTests.debug.xcconfig"; path = "Target Support Files/Pods-MarvelExplorerTests/Pods-MarvelExplorerTests.debug.xcconfig"; sourceTree = "<group>"; };
		A41F07861E15074EBDBACA08 /* Pods-MarvelExplorerTests.release.xcconfig */ = {isa = PBXFileReference; includeInIndex = 1; lastKnownFileType = text.xcconfig; name = "Pods-MarvelExplorerTests.release.xcconfig"; path = "Target Support Files/Pods-MarvelExplorerTests/Pods-MarvelExplorerTests.release.xcconfig"; sourceTree = "<group>"; };
		A7884F8E8ABC7AE67DBE62AE /* Pods-MarvelExplorer.debug.xcconfig */ = {isa = PBXFileReference; includeInIndex = 1; lastKnownFileType = text.xcconfig; name = "Pods-MarvelExplorer.debug.xcconfig"; path = "Target Support Files/Pods-MarvelExplorer/Pods-MarvelExplorer.debug.xcconfig"; sourceTree = "<group>"; };
		EF1F8C56281CE525002DE22C /* MarvelExplorer.app */ = {isa = PBXFileReference; explicitFileType = wrapper.application; includeInIndex = 0; path = MarvelExplorer.app; sourceTree = BUILT_PRODUCTS_DIR; };
		EF1F8C59281CE525002DE22C /* AppDelegate.swift */ = {isa = PBXFileReference; lastKnownFileType = sourcecode.swift; path = AppDelegate.swift; sourceTree = "<group>"; };
		EF1F8C5D281CE525002DE22C /* ViewController.swift */ = {isa = PBXFileReference; lastKnownFileType = sourcecode.swift; path = ViewController.swift; sourceTree = "<group>"; };
		EF1F8C62281CE527002DE22C /* Assets.xcassets */ = {isa = PBXFileReference; lastKnownFileType = folder.assetcatalog; path = Assets.xcassets; sourceTree = "<group>"; };
		EF1F8C65281CE527002DE22C /* Base */ = {isa = PBXFileReference; lastKnownFileType = file.storyboard; name = Base; path = Base.lproj/LaunchScreen.storyboard; sourceTree = "<group>"; };
		EF1F8C67281CE527002DE22C /* Info.plist */ = {isa = PBXFileReference; lastKnownFileType = text.plist.xml; path = Info.plist; sourceTree = "<group>"; };
		EF1F8C6C281CE527002DE22C /* MarvelExplorerTests.xctest */ = {isa = PBXFileReference; explicitFileType = wrapper.cfbundle; includeInIndex = 0; path = MarvelExplorerTests.xctest; sourceTree = BUILT_PRODUCTS_DIR; };
		EF1F8C8A281CE5E5002DE22C /* ImageCache.swift */ = {isa = PBXFileReference; fileEncoding = 4; lastKnownFileType = sourcecode.swift; path = ImageCache.swift; sourceTree = "<group>"; };
		EF1F8C8B281CE5E6002DE22C /* ImageLoaderService.swift */ = {isa = PBXFileReference; fileEncoding = 4; lastKnownFileType = sourcecode.swift; path = ImageLoaderService.swift; sourceTree = "<group>"; };
		EF1F8C90281CE6A4002DE22C /* AutoMockable.swift */ = {isa = PBXFileReference; lastKnownFileType = sourcecode.swift; name = AutoMockable.swift; path = ../../../../Documents/AutoMockable.swift; sourceTree = "<group>"; };
		EF1F8C94281CE773002DE22C /* Publisher+ConvenienceMethods.swift */ = {isa = PBXFileReference; fileEncoding = 4; lastKnownFileType = sourcecode.swift; path = "Publisher+ConvenienceMethods.swift"; sourceTree = "<group>"; };
		EF1F8C97281CE8D1002DE22C /* NetworkServiceType.swift */ = {isa = PBXFileReference; fileEncoding = 4; lastKnownFileType = sourcecode.swift; path = NetworkServiceType.swift; sourceTree = "<group>"; };
		EF1F8C98281CE8D1002DE22C /* NetworkService.swift */ = {isa = PBXFileReference; fileEncoding = 4; lastKnownFileType = sourcecode.swift; path = NetworkService.swift; sourceTree = "<group>"; };
		EF1F8C99281CE8D1002DE22C /* Resource.swift */ = {isa = PBXFileReference; fileEncoding = 4; lastKnownFileType = sourcecode.swift; path = Resource.swift; sourceTree = "<group>"; };
		EF1F8C9D281CE964002DE22C /* ServiceProvider.swift */ = {isa = PBXFileReference; fileEncoding = 4; lastKnownFileType = sourcecode.swift; path = ServiceProvider.swift; sourceTree = "<group>"; };
		EF1F8CA0281CE9C3002DE22C /* MarvelConstants.swift */ = {isa = PBXFileReference; fileEncoding = 4; lastKnownFileType = sourcecode.swift; path = MarvelConstants.swift; sourceTree = "<group>"; };
		EF1F8CA3281CEB54002DE22C /* FlowCoordinator.swift */ = {isa = PBXFileReference; fileEncoding = 4; lastKnownFileType = sourcecode.swift; path = FlowCoordinator.swift; sourceTree = "<group>"; };
		EF1F8CA5281CED73002DE22C /* AppFlowCoordinator.swift */ = {isa = PBXFileReference; lastKnownFileType = sourcecode.swift; path = AppFlowCoordinator.swift; sourceTree = "<group>"; };
		EF1F8CA7281CED8F002DE22C /* ApplicationFlowCoordinatorDependencyProvider.swift */ = {isa = PBXFileReference; lastKnownFileType = sourcecode.swift; path = ApplicationFlowCoordinatorDependencyProvider.swift; sourceTree = "<group>"; };
		EF1F8CAB281CEE53002DE22C /* ReposListNavigator.swift */ = {isa = PBXFileReference; fileEncoding = 4; lastKnownFileType = sourcecode.swift; path = ReposListNavigator.swift; sourceTree = "<group>"; };
		EF1F8CAE281CEE98002DE22C /* Series.swift */ = {isa = PBXFileReference; lastKnownFileType = sourcecode.swift; path = Series.swift; sourceTree = "<group>"; };
		EF1F8CB2281CF03B002DE22C /* ApplicationComponentsFactory.swift */ = {isa = PBXFileReference; lastKnownFileType = sourcecode.swift; path = ApplicationComponentsFactory.swift; sourceTree = "<group>"; };
		EF1F8CB7281CF1E7002DE22C /* SeriesListFlowCoordinator.swift */ = {isa = PBXFileReference; lastKnownFileType = sourcecode.swift; path = SeriesListFlowCoordinator.swift; sourceTree = "<group>"; };
		EF1F8CB9281CF6E4002DE22C /* Thumbnail.swift */ = {isa = PBXFileReference; lastKnownFileType = sourcecode.swift; path = Thumbnail.swift; sourceTree = "<group>"; };
		EF1F8CBE281CF97A002DE22C /* MarvelSeriesRepository.swift */ = {isa = PBXFileReference; lastKnownFileType = sourcecode.swift; path = MarvelSeriesRepository.swift; sourceTree = "<group>"; };
		EF1F8CC0281D03B3002DE22C /* PosterImageRepository.swift */ = {isa = PBXFileReference; lastKnownFileType = sourcecode.swift; path = PosterImageRepository.swift; sourceTree = "<group>"; };
		EF1F8CC4281D047D002DE22C /* DefaultSeriesRepository.swift */ = {isa = PBXFileReference; lastKnownFileType = sourcecode.swift; path = DefaultSeriesRepository.swift; sourceTree = "<group>"; };
		EF1F8CC6281D05B9002DE22C /* Resource+MarvelSeries.swift */ = {isa = PBXFileReference; lastKnownFileType = sourcecode.swift; path = "Resource+MarvelSeries.swift"; sourceTree = "<group>"; };
		EF1F8CCA281D0608002DE22C /* SeriesDTO.swift */ = {isa = PBXFileReference; lastKnownFileType = sourcecode.swift; path = SeriesDTO.swift; sourceTree = "<group>"; };
		EF1F8CCC281D0E7B002DE22C /* String+md5.swift */ = {isa = PBXFileReference; lastKnownFileType = sourcecode.swift; path = "String+md5.swift"; sourceTree = "<group>"; };
		EF1F8CCF281D10FB002DE22C /* Resource+MarvelParameters.swift */ = {isa = PBXFileReference; lastKnownFileType = sourcecode.swift; path = "Resource+MarvelParameters.swift"; sourceTree = "<group>"; };
		EF1F8CD1281D1279002DE22C /* MarvelResponse.swift */ = {isa = PBXFileReference; lastKnownFileType = sourcecode.swift; path = MarvelResponse.swift; sourceTree = "<group>"; };
		EF1F8CD4281D12EF002DE22C /* MarvelPaginator.swift */ = {isa = PBXFileReference; lastKnownFileType = sourcecode.swift; path = MarvelPaginator.swift; sourceTree = "<group>"; };
		EF1F8CD6281D1407002DE22C /* ThumbnailDTO.swift */ = {isa = PBXFileReference; lastKnownFileType = sourcecode.swift; path = ThumbnailDTO.swift; sourceTree = "<group>"; };
		EF1F8CD9281D190A002DE22C /* FetchSeriesUseCase.swift */ = {isa = PBXFileReference; lastKnownFileType = sourcecode.swift; path = FetchSeriesUseCase.swift; sourceTree = "<group>"; };
		EF1F8CDB281D1B2D002DE22C /* Scheduler.swift */ = {isa = PBXFileReference; fileEncoding = 4; lastKnownFileType = sourcecode.swift; path = Scheduler.swift; sourceTree = "<group>"; };
		EF1F8CDF281D1BFF002DE22C /* SeriesListViewController.swift */ = {isa = PBXFileReference; lastKnownFileType = sourcecode.swift; path = SeriesListViewController.swift; sourceTree = "<group>"; };
		EF1F8CE3281D1CB7002DE22C /* SeriesListViewModelType.swift */ = {isa = PBXFileReference; lastKnownFileType = sourcecode.swift; path = SeriesListViewModelType.swift; sourceTree = "<group>"; };
		EF1F8CE5281D1D24002DE22C /* SeriesListItemViewModel.swift */ = {isa = PBXFileReference; lastKnownFileType = sourcecode.swift; path = SeriesListItemViewModel.swift; sourceTree = "<group>"; };
		EF1F8CE7281D1E80002DE22C /* SeriesListViewModel.swift */ = {isa = PBXFileReference; lastKnownFileType = sourcecode.swift; path = SeriesListViewModel.swift; sourceTree = "<group>"; };
		EF1F8CE9281D1FF2002DE22C /* Publisher+flatMapLatest.swift */ = {isa = PBXFileReference; fileEncoding = 4; lastKnownFileType = sourcecode.swift; path = "Publisher+flatMapLatest.swift"; sourceTree = "<group>"; };
		EF1F8CEC281D2AEE002DE22C /* SeriesListView.swift */ = {isa = PBXFileReference; lastKnownFileType = sourcecode.swift; path = SeriesListView.swift; sourceTree = "<group>"; };
		EF1F8CEE281D2B3E002DE22C /* SeriesCollectionViewCell.swift */ = {isa = PBXFileReference; lastKnownFileType = sourcecode.swift; path = SeriesCollectionViewCell.swift; sourceTree = "<group>"; };
		EF1F8CF0281D2B7D002DE22C /* SeriesCellView.swift */ = {isa = PBXFileReference; lastKnownFileType = sourcecode.swift; path = SeriesCellView.swift; sourceTree = "<group>"; };
		EF1F8CF2281D38FD002DE22C /* DefaultMarvelSeriesCoverRepository.swift */ = {isa = PBXFileReference; lastKnownFileType = sourcecode.swift; path = DefaultMarvelSeriesCoverRepository.swift; sourceTree = "<group>"; };
		EF1F8CF4281D3C0A002DE22C /* LoadCoverUseCase.swift */ = {isa = PBXFileReference; lastKnownFileType = sourcecode.swift; path = LoadCoverUseCase.swift; sourceTree = "<group>"; };
		EF1F8CF6281DAE04002DE22C /* URL+HTTPS.swift */ = {isa = PBXFileReference; lastKnownFileType = sourcecode.swift; path = "URL+HTTPS.swift"; sourceTree = "<group>"; };
		EF1F8CF8281DB500002DE22C /* SeriesListCollectionViewDelegate.swift */ = {isa = PBXFileReference; lastKnownFileType = sourcecode.swift; path = SeriesListCollectionViewDelegate.swift; sourceTree = "<group>"; };
		EF1F8CFA281DB6BF002DE22C /* Haptics.swift */ = {isa = PBXFileReference; lastKnownFileType = sourcecode.swift; path = Haptics.swift; sourceTree = "<group>"; };
		EF1F8CFE281E067A002DE22C /* AccessibilityIdentifiers.swift */ = {isa = PBXFileReference; fileEncoding = 4; lastKnownFileType = sourcecode.swift; path = AccessibilityIdentifiers.swift; sourceTree = "<group>"; };
		EF1F8D01281E0DB9002DE22C /* ApplicationFlowCoordinatorTests.swift */ = {isa = PBXFileReference; lastKnownFileType = sourcecode.swift; path = ApplicationFlowCoordinatorTests.swift; sourceTree = "<group>"; };
		EF1F8D04281E0F4B002DE22C /* ApplicationFlowCoordinatorMock.swift */ = {isa = PBXFileReference; lastKnownFileType = sourcecode.swift; path = ApplicationFlowCoordinatorMock.swift; sourceTree = "<group>"; };
		EF1F8D06281E145F002DE22C /* URLProtocolMock.swift */ = {isa = PBXFileReference; lastKnownFileType = sourcecode.swift; path = URLProtocolMock.swift; sourceTree = "<group>"; };
		EF1F8D08281E14E7002DE22C /* NetworkServiceMock.swift */ = {isa = PBXFileReference; lastKnownFileType = sourcecode.swift; path = NetworkServiceMock.swift; sourceTree = "<group>"; };
		EF1F8D0A281E15AF002DE22C /* NetworkServiceTests.swift */ = {isa = PBXFileReference; lastKnownFileType = sourcecode.swift; path = NetworkServiceTests.swift; sourceTree = "<group>"; };
		EF2ADB83281E17B600D42C97 /* SeriesResponse.json */ = {isa = PBXFileReference; lastKnownFileType = text.json; path = SeriesResponse.json; sourceTree = "<group>"; };
		EF88739B281F5C7500938B67 /* EarlGrey.swift */ = {isa = PBXFileReference; lastKnownFileType = sourcecode.swift; path = EarlGrey.swift; sourceTree = "<group>"; };
		EF88739F281F62A200938B67 /* main.swift */ = {isa = PBXFileReference; fileEncoding = 4; lastKnownFileType = sourcecode.swift; name = main.swift; path = "../../../Downloads/TMDB-master copy/TMDB/Sources/main.swift"; sourceTree = "<group>"; };
		EF8873A1281F62DC00938B67 /* FakeAppDelegate.swift */ = {isa = PBXFileReference; fileEncoding = 4; lastKnownFileType = sourcecode.swift; path = FakeAppDelegate.swift; sourceTree = "<group>"; };
		EF88796A281F7CBC00938B67 /* SeriesListPage.swift */ = {isa = PBXFileReference; fileEncoding = 4; lastKnownFileType = sourcecode.swift; path = SeriesListPage.swift; sourceTree = "<group>"; };
		EF88796B281F7CBC00938B67 /* SeriesListUITests.swift */ = {isa = PBXFileReference; fileEncoding = 4; lastKnownFileType = sourcecode.swift; path = SeriesListUITests.swift; sourceTree = "<group>"; };
		EF88796C281F7CBC00938B67 /* Page.swift */ = {isa = PBXFileReference; fileEncoding = 4; lastKnownFileType = sourcecode.swift; path = Page.swift; sourceTree = "<group>"; };
		EF887979281F7D0900938B67 /* MarvelExplorerTestCase.swift */ = {isa = PBXFileReference; fileEncoding = 4; lastKnownFileType = sourcecode.swift; path = MarvelExplorerTestCase.swift; sourceTree = "<group>"; };
		EF887A17281F8CF200938B67 /* uiTest-BridgingHeader.h */ = {isa = PBXFileReference; lastKnownFileType = sourcecode.c.h; path = "uiTest-BridgingHeader.h"; sourceTree = "<group>"; };
		EF887A53281FB0E100938B67 /* EarlGrey.swift */ = {isa = PBXFileReference; fileEncoding = 4; lastKnownFileType = sourcecode.swift; path = EarlGrey.swift; sourceTree = "<group>"; };
		EF887A54281FB0E100938B67 /* FakeAppDelegate.swift */ = {isa = PBXFileReference; fileEncoding = 4; lastKnownFileType = sourcecode.swift; path = FakeAppDelegate.swift; sourceTree = "<group>"; };
		EF887A55281FB0E100938B67 /* MarvelExplorerTestCase.swift */ = {isa = PBXFileReference; fileEncoding = 4; lastKnownFileType = sourcecode.swift; path = MarvelExplorerTestCase.swift; sourceTree = "<group>"; };
		EF92610B281E4AD5001BBFF4 /* FilteredSeries.json */ = {isa = PBXFileReference; lastKnownFileType = text.json; path = FilteredSeries.json; sourceTree = "<group>"; };
		EF926111281E5AF2001BBFF4 /* SeriesListViewModelTests.swift */ = {isa = PBXFileReference; lastKnownFileType = sourcecode.swift; path = SeriesListViewModelTests.swift; sourceTree = "<group>"; };
		EF926114281E5B4B001BBFF4 /* SeriesListNavigatorMock.swift */ = {isa = PBXFileReference; lastKnownFileType = sourcecode.swift; path = SeriesListNavigatorMock.swift; sourceTree = "<group>"; };
		EF926116281E5D14001BBFF4 /* LoadSeriesCoverUseCaseMock.swift */ = {isa = PBXFileReference; lastKnownFileType = sourcecode.swift; path = LoadSeriesCoverUseCaseMock.swift; sourceTree = "<group>"; };
		EFB055B6281E2D4E00608B9D /* MarvelSeriesRepositoryMock.swift */ = {isa = PBXFileReference; lastKnownFileType = sourcecode.swift; path = MarvelSeriesRepositoryMock.swift; sourceTree = "<group>"; };
		EFB055B8281E2F3D00608B9D /* MarvelSeriesRepositoryTests.swift */ = {isa = PBXFileReference; lastKnownFileType = sourcecode.swift; path = MarvelSeriesRepositoryTests.swift; sourceTree = "<group>"; };
		EFB055BE281E31A200608B9D /* Decodable+loadFromFile.swift */ = {isa = PBXFileReference; lastKnownFileType = sourcecode.swift; path = "Decodable+loadFromFile.swift"; sourceTree = "<group>"; };
		EFB055C0281E352200608B9D /* ImageLoaderMock.swift */ = {isa = PBXFileReference; lastKnownFileType = sourcecode.swift; path = ImageLoaderMock.swift; sourceTree = "<group>"; };
		EFB055C3281E368B00608B9D /* MarvelSeriesCoverRepositoryTests.swift */ = {isa = PBXFileReference; lastKnownFileType = sourcecode.swift; path = MarvelSeriesCoverRepositoryTests.swift; sourceTree = "<group>"; };
		EFB055C6281E36BE00608B9D /* SeriesCoverRepositoryTypeMock.swift */ = {isa = PBXFileReference; lastKnownFileType = sourcecode.swift; path = SeriesCoverRepositoryTypeMock.swift; sourceTree = "<group>"; };
		EFB055CA281E3E0300608B9D /* FetchMarvelSeriesUseCaseTypeMock.swift */ = {isa = PBXFileReference; lastKnownFileType = sourcecode.swift; path = FetchMarvelSeriesUseCaseTypeMock.swift; sourceTree = "<group>"; };
		EFB055CD281E40CA00608B9D /* FetchMarvelSeriesUseCaseTests.swift */ = {isa = PBXFileReference; lastKnownFileType = sourcecode.swift; path = FetchMarvelSeriesUseCaseTests.swift; sourceTree = "<group>"; };
		EFD89F75281FC406009D3771 /* EarlGrey.xcodeproj */ = {isa = PBXFileReference; lastKnownFileType = "wrapper.pb-project"; name = EarlGrey.xcodeproj; path = EarlGrey/EarlGrey.xcodeproj; sourceTree = SOURCE_ROOT; };
		F8728100694C01A2764D4BAF /* Pods_MarvelExplorerTests.framework */ = {isa = PBXFileReference; explicitFileType = wrapper.framework; includeInIndex = 0; path = Pods_MarvelExplorerTests.framework; sourceTree = BUILT_PRODUCTS_DIR; };
/* End PBXFileReference section */

/* Begin PBXFrameworksBuildPhase section */
		EF1F8C53281CE525002DE22C /* Frameworks */ = {
			isa = PBXFrameworksBuildPhase;
			buildActionMask = 2147483647;
			files = (
				AE351DD81134F2AA8CCD729E /* Pods_MarvelExplorer.framework in Frameworks */,
			);
			runOnlyForDeploymentPostprocessing = 0;
		};
		EF1F8C69281CE527002DE22C /* Frameworks */ = {
			isa = PBXFrameworksBuildPhase;
			buildActionMask = 2147483647;
			files = (
				EFD89F86281FC420009D3771 /* libTestLib.a in Frameworks */,
				99CA40AB8272E157480B4632 /* Pods_MarvelExplorerTests.framework in Frameworks */,
			);
			runOnlyForDeploymentPostprocessing = 0;
		};
/* End PBXFrameworksBuildPhase section */

/* Begin PBXGroup section */
		763DE13F2576E71F30A8B08A /* Frameworks */ = {
			isa = PBXGroup;
			children = (
				0EDAD770D1885430DE48FF21 /* Pods_MarvelExplorer.framework */,
				F8728100694C01A2764D4BAF /* Pods_MarvelExplorerTests.framework */,
			);
			name = Frameworks;
			sourceTree = "<group>";
		};
		999099CDB32F04802FBC4EB1 /* Pods */ = {
			isa = PBXGroup;
			children = (
				A7884F8E8ABC7AE67DBE62AE /* Pods-MarvelExplorer.debug.xcconfig */,
				30F17458D4CC55B401B469E3 /* Pods-MarvelExplorer.release.xcconfig */,
				5CBCC3FFBDDAC0D53F3318AD /* Pods-MarvelExplorerTests.debug.xcconfig */,
				A41F07861E15074EBDBACA08 /* Pods-MarvelExplorerTests.release.xcconfig */,
			);
			path = Pods;
			sourceTree = "<group>";
		};
		EF1F8C4D281CE525002DE22C = {
			isa = PBXGroup;
			children = (
				EF1F8C58281CE525002DE22C /* MarvelExplorer */,
				EF1F8C6F281CE527002DE22C /* MarvelExplorerTests */,
				EF1F8C79281CE527002DE22C /* MarvelExplorerUITests */,
				EF1F8C57281CE525002DE22C /* Products */,
				999099CDB32F04802FBC4EB1 /* Pods */,
				763DE13F2576E71F30A8B08A /* Frameworks */,
			);
			sourceTree = "<group>";
		};
		EF1F8C57281CE525002DE22C /* Products */ = {
			isa = PBXGroup;
			children = (
				EF1F8C56281CE525002DE22C /* MarvelExplorer.app */,
				EF1F8C6C281CE527002DE22C /* MarvelExplorerTests.xctest */,
			);
			name = Products;
			sourceTree = "<group>";
		};
		EF1F8C58281CE525002DE22C /* MarvelExplorer */ = {
			isa = PBXGroup;
			children = (
				EFD89F75281FC406009D3771 /* EarlGrey.xcodeproj */,
				EF88739F281F62A200938B67 /* main.swift */,
				EF1F8CC2281D03FB002DE22C /* Data */,
				EF1F8CAD281CEE90002DE22C /* Domain */,
				EF1F8CA9281CEE41002DE22C /* Presentation */,
				EF1F8CA2281CEB45002DE22C /* Application */,
				EF1F8C8F281CE679002DE22C /* Commons */,
				EF1F8C89281CE5B9002DE22C /* Infrastructure */,
				EF1F8C59281CE525002DE22C /* AppDelegate.swift */,
				EF1F8C5D281CE525002DE22C /* ViewController.swift */,
				EF1F8C62281CE527002DE22C /* Assets.xcassets */,
				EF1F8C64281CE527002DE22C /* LaunchScreen.storyboard */,
				EF887A17281F8CF200938B67 /* uiTest-BridgingHeader.h */,
				EF1F8C67281CE527002DE22C /* Info.plist */,
			);
			path = MarvelExplorer;
			sourceTree = "<group>";
		};
		EF1F8C6F281CE527002DE22C /* MarvelExplorerTests */ = {
			isa = PBXGroup;
			children = (
				EF887A64281FB2C300938B67 /* Frameworks */,
				EFB055BC281E319400608B9D /* Utils */,
				EF1F8D0C281E1737002DE22C /* Responses */,
				EF1F8D03281E0F3C002DE22C /* Mocks */,
				EF1F8D00281E0DA1002DE22C /* UnitTests */,
			);
			path = MarvelExplorerTests;
			sourceTree = "<group>";
		};
		EF1F8C79281CE527002DE22C /* MarvelExplorerUITests */ = {
			isa = PBXGroup;
			children = (
				EF887A52281FB0E100938B67 /* MarvelExplorerUITests */,
				EF887979281F7D0900938B67 /* MarvelExplorerTestCase.swift */,
				EF887968281F7CBC00938B67 /* Pages */,
				EF8873A1281F62DC00938B67 /* FakeAppDelegate.swift */,
				EF88739B281F5C7500938B67 /* EarlGrey.swift */,
			);
			path = MarvelExplorerUITests;
			sourceTree = "<group>";
		};
		EF1F8C89281CE5B9002DE22C /* Infrastructure */ = {
			isa = PBXGroup;
			children = (
				EF1F8C9D281CE964002DE22C /* ServiceProvider.swift */,
				EF1F8C96281CE8D1002DE22C /* NetworkService */,
				EF1F8C8E281CE624002DE22C /* ImageLoaderService */,
			);
			path = Infrastructure;
			sourceTree = "<group>";
		};
		EF1F8C8E281CE624002DE22C /* ImageLoaderService */ = {
			isa = PBXGroup;
			children = (
				EF1F8C8A281CE5E5002DE22C /* ImageCache.swift */,
				EF1F8C8B281CE5E6002DE22C /* ImageLoaderService.swift */,
			);
			path = ImageLoaderService;
			sourceTree = "<group>";
		};
		EF1F8C8F281CE679002DE22C /* Commons */ = {
			isa = PBXGroup;
			children = (
				EF1F8CFE281E067A002DE22C /* AccessibilityIdentifiers.swift */,
				EF1F8CDB281D1B2D002DE22C /* Scheduler.swift */,
				EF1F8CA0281CE9C3002DE22C /* MarvelConstants.swift */,
				EF1F8C90281CE6A4002DE22C /* AutoMockable.swift */,
				EF1F8CCE281D0E7C002DE22C /* Extentions */,
			);
			path = Commons;
			sourceTree = "<group>";
		};
		EF1F8C96281CE8D1002DE22C /* NetworkService */ = {
			isa = PBXGroup;
			children = (
				EF1F8C97281CE8D1002DE22C /* NetworkServiceType.swift */,
				EF1F8C98281CE8D1002DE22C /* NetworkService.swift */,
				EF1F8C99281CE8D1002DE22C /* Resource.swift */,
			);
			path = NetworkService;
			sourceTree = "<group>";
		};
		EF1F8CA2281CEB45002DE22C /* Application */ = {
			isa = PBXGroup;
			children = (
				EF1F8CB1281CF02D002DE22C /* ComponentsFactory */,
				EF1F8CB0281CF00C002DE22C /* FlowCoordinator */,
			);
			path = Application;
			sourceTree = "<group>";
		};
		EF1F8CA9281CEE41002DE22C /* Presentation */ = {
			isa = PBXGroup;
			children = (
				EF1F8CB5281CF1AD002DE22C /* SeriesScene */,
			);
			path = Presentation;
			sourceTree = "<group>";
		};
		EF1F8CAA281CEE53002DE22C /* Navigator */ = {
			isa = PBXGroup;
			children = (
				EF1F8CAB281CEE53002DE22C /* ReposListNavigator.swift */,
			);
			path = Navigator;
			sourceTree = "<group>";
		};
		EF1F8CAD281CEE90002DE22C /* Domain */ = {
			isa = PBXGroup;
			children = (
				EF1F8CBC281CF95F002DE22C /* UseCases */,
				EF1F8CBB281CF94D002DE22C /* Entities */,
			);
			path = Domain;
			sourceTree = "<group>";
		};
		EF1F8CB0281CF00C002DE22C /* FlowCoordinator */ = {
			isa = PBXGroup;
			children = (
				EF1F8CA3281CEB54002DE22C /* FlowCoordinator.swift */,
				EF1F8CA5281CED73002DE22C /* AppFlowCoordinator.swift */,
				EF1F8CA7281CED8F002DE22C /* ApplicationFlowCoordinatorDependencyProvider.swift */,
			);
			path = FlowCoordinator;
			sourceTree = "<group>";
		};
		EF1F8CB1281CF02D002DE22C /* ComponentsFactory */ = {
			isa = PBXGroup;
			children = (
				EF1F8CB2281CF03B002DE22C /* ApplicationComponentsFactory.swift */,
			);
			path = ComponentsFactory;
			sourceTree = "<group>";
		};
		EF1F8CB5281CF1AD002DE22C /* SeriesScene */ = {
			isa = PBXGroup;
			children = (
				EF1F8CE1281D1C15002DE22C /* SeriesList */,
				EF1F8CB6281CF1BB002DE22C /* Flows */,
				EF1F8CAA281CEE53002DE22C /* Navigator */,
			);
			path = SeriesScene;
			sourceTree = "<group>";
		};
		EF1F8CB6281CF1BB002DE22C /* Flows */ = {
			isa = PBXGroup;
			children = (
				EF1F8CB7281CF1E7002DE22C /* SeriesListFlowCoordinator.swift */,
			);
			path = Flows;
			sourceTree = "<group>";
		};
		EF1F8CBB281CF94D002DE22C /* Entities */ = {
			isa = PBXGroup;
			children = (
				EF1F8CAE281CEE98002DE22C /* Series.swift */,
				EF1F8CB9281CF6E4002DE22C /* Thumbnail.swift */,
			);
			path = Entities;
			sourceTree = "<group>";
		};
		EF1F8CBC281CF95F002DE22C /* UseCases */ = {
			isa = PBXGroup;
			children = (
				EF1F8CBD281CF96B002DE22C /* Interfaces */,
				EF1F8CD9281D190A002DE22C /* FetchSeriesUseCase.swift */,
				EF1F8CF4281D3C0A002DE22C /* LoadCoverUseCase.swift */,
			);
			path = UseCases;
			sourceTree = "<group>";
		};
		EF1F8CBD281CF96B002DE22C /* Interfaces */ = {
			isa = PBXGroup;
			children = (
				EF1F8CD8281D18D4002DE22C /* Repositories */,
			);
			path = Interfaces;
			sourceTree = "<group>";
		};
		EF1F8CC2281D03FB002DE22C /* Data */ = {
			isa = PBXGroup;
			children = (
				EF1F8CC3281D03FC002DE22C /* Repositories */,
				EF1F8CC8281D05BB002DE22C /* Network */,
			);
			path = Data;
			sourceTree = "<group>";
		};
		EF1F8CC3281D03FC002DE22C /* Repositories */ = {
			isa = PBXGroup;
			children = (
				EF1F8CC4281D047D002DE22C /* DefaultSeriesRepository.swift */,
				EF1F8CF2281D38FD002DE22C /* DefaultMarvelSeriesCoverRepository.swift */,
			);
			path = Repositories;
			sourceTree = "<group>";
		};
		EF1F8CC8281D05BB002DE22C /* Network */ = {
			isa = PBXGroup;
			children = (
				EF1F8CC9281D05F7002DE22C /* DataMapping */,
				EF1F8CC6281D05B9002DE22C /* Resource+MarvelSeries.swift */,
				EF1F8CCF281D10FB002DE22C /* Resource+MarvelParameters.swift */,
				EF1F8CD3281D127D002DE22C /* Marvel */,
			);
			path = Network;
			sourceTree = "<group>";
		};
		EF1F8CC9281D05F7002DE22C /* DataMapping */ = {
			isa = PBXGroup;
			children = (
				EF1F8CCA281D0608002DE22C /* SeriesDTO.swift */,
				EF1F8CD6281D1407002DE22C /* ThumbnailDTO.swift */,
			);
			path = DataMapping;
			sourceTree = "<group>";
		};
		EF1F8CCE281D0E7C002DE22C /* Extentions */ = {
			isa = PBXGroup;
			children = (
				EF1F8CEB281D1FF6002DE22C /* Combine */,
				EF1F8CCC281D0E7B002DE22C /* String+md5.swift */,
				EF1F8CF6281DAE04002DE22C /* URL+HTTPS.swift */,
				EF1F8CFA281DB6BF002DE22C /* Haptics.swift */,
			);
			path = Extentions;
			sourceTree = "<group>";
		};
		EF1F8CD3281D127D002DE22C /* Marvel */ = {
			isa = PBXGroup;
			children = (
				EF1F8CD1281D1279002DE22C /* MarvelResponse.swift */,
				EF1F8CD4281D12EF002DE22C /* MarvelPaginator.swift */,
			);
			path = Marvel;
			sourceTree = "<group>";
		};
		EF1F8CD8281D18D4002DE22C /* Repositories */ = {
			isa = PBXGroup;
			children = (
				EF1F8CBE281CF97A002DE22C /* MarvelSeriesRepository.swift */,
				EF1F8CC0281D03B3002DE22C /* PosterImageRepository.swift */,
			);
			path = Repositories;
			sourceTree = "<group>";
		};
		EF1F8CDE281D1BEE002DE22C /* View */ = {
			isa = PBXGroup;
			children = (
				EF1F8CDF281D1BFF002DE22C /* SeriesListViewController.swift */,
				EF1F8CF8281DB500002DE22C /* SeriesListCollectionViewDelegate.swift */,
				EF1F8CEC281D2AEE002DE22C /* SeriesListView.swift */,
				EF1F8CEE281D2B3E002DE22C /* SeriesCollectionViewCell.swift */,
				EF1F8CF0281D2B7D002DE22C /* SeriesCellView.swift */,
			);
			path = View;
			sourceTree = "<group>";
		};
		EF1F8CE1281D1C15002DE22C /* SeriesList */ = {
			isa = PBXGroup;
			children = (
				EF1F8CE2281D1C1D002DE22C /* ViewModel */,
				EF1F8CDE281D1BEE002DE22C /* View */,
			);
			path = SeriesList;
			sourceTree = "<group>";
		};
		EF1F8CE2281D1C1D002DE22C /* ViewModel */ = {
			isa = PBXGroup;
			children = (
				EF1F8CE3281D1CB7002DE22C /* SeriesListViewModelType.swift */,
				EF1F8CE7281D1E80002DE22C /* SeriesListViewModel.swift */,
				EF1F8CE5281D1D24002DE22C /* SeriesListItemViewModel.swift */,
			);
			path = ViewModel;
			sourceTree = "<group>";
		};
		EF1F8CEB281D1FF6002DE22C /* Combine */ = {
			isa = PBXGroup;
			children = (
				EF1F8CE9281D1FF2002DE22C /* Publisher+flatMapLatest.swift */,
				EF1F8C94281CE773002DE22C /* Publisher+ConvenienceMethods.swift */,
			);
			path = Combine;
			sourceTree = "<group>";
		};
		EF1F8D00281E0DA1002DE22C /* UnitTests */ = {
			isa = PBXGroup;
			children = (
				EF926110281E5ADE001BBFF4 /* ViewModelsTests */,
				EFB055C8281E3DA700608B9D /* UseCaseTests */,
				EFB055C2281E367F00608B9D /* RepositoriesTests */,
				EF92610D281E5A79001BBFF4 /* ApplicationTests */,
				EF92610E281E5A86001BBFF4 /* NetworkTests */,
			);
			path = UnitTests;
			sourceTree = "<group>";
		};
		EF1F8D03281E0F3C002DE22C /* Mocks */ = {
			isa = PBXGroup;
			children = (
				EF926113281E5B32001BBFF4 /* Navigator Mocks */,
				EFB055C9281E3DE600608B9D /* UseCase Mocks */,
				EF1F8D04281E0F4B002DE22C /* ApplicationFlowCoordinatorMock.swift */,
				EF1F8D06281E145F002DE22C /* URLProtocolMock.swift */,
				EFB055CC281E40A200608B9D /* Services Mock */,
				EFB055C5281E36AD00608B9D /* Repositories Mocks */,
			);
			path = Mocks;
			sourceTree = "<group>";
		};
		EF1F8D0C281E1737002DE22C /* Responses */ = {
			isa = PBXGroup;
			children = (
				EF2ADB83281E17B600D42C97 /* SeriesResponse.json */,
				EF92610B281E4AD5001BBFF4 /* FilteredSeries.json */,
			);
			path = Responses;
			sourceTree = "<group>";
		};
		EF887968281F7CBC00938B67 /* Pages */ = {
			isa = PBXGroup;
			children = (
				EF887969281F7CBC00938B67 /* Series List UITests */,
				EF88796C281F7CBC00938B67 /* Page.swift */,
			);
			path = Pages;
			sourceTree = "<group>";
		};
		EF887969281F7CBC00938B67 /* Series List UITests */ = {
			isa = PBXGroup;
			children = (
				EF88796A281F7CBC00938B67 /* SeriesListPage.swift */,
				EF88796B281F7CBC00938B67 /* SeriesListUITests.swift */,
			);
			path = "Series List UITests";
			sourceTree = "<group>";
		};
		EF887A52281FB0E100938B67 /* MarvelExplorerUITests */ = {
			isa = PBXGroup;
			children = (
				EF887A53281FB0E100938B67 /* EarlGrey.swift */,
				EF887A54281FB0E100938B67 /* FakeAppDelegate.swift */,
				EF887A55281FB0E100938B67 /* MarvelExplorerTestCase.swift */,
			);
			name = MarvelExplorerUITests;
			sourceTree = "<group>";
		};
		EF887A64281FB2C300938B67 /* Frameworks */ = {
			isa = PBXGroup;
			children = (
			);
			path = Frameworks;
			sourceTree = "<group>";
		};
		EF92610D281E5A79001BBFF4 /* ApplicationTests */ = {
			isa = PBXGroup;
			children = (
				EF1F8D01281E0DB9002DE22C /* ApplicationFlowCoordinatorTests.swift */,
			);
			path = ApplicationTests;
			sourceTree = "<group>";
		};
		EF92610E281E5A86001BBFF4 /* NetworkTests */ = {
			isa = PBXGroup;
			children = (
				EF1F8D0A281E15AF002DE22C /* NetworkServiceTests.swift */,
			);
			path = NetworkTests;
			sourceTree = "<group>";
		};
		EF926110281E5ADE001BBFF4 /* ViewModelsTests */ = {
			isa = PBXGroup;
			children = (
				EF926111281E5AF2001BBFF4 /* SeriesListViewModelTests.swift */,
			);
			path = ViewModelsTests;
			sourceTree = "<group>";
		};
		EF926113281E5B32001BBFF4 /* Navigator Mocks */ = {
			isa = PBXGroup;
			children = (
				EF926114281E5B4B001BBFF4 /* SeriesListNavigatorMock.swift */,
			);
			path = "Navigator Mocks";
			sourceTree = "<group>";
		};
		EFB055BC281E319400608B9D /* Utils */ = {
			isa = PBXGroup;
			children = (
				EFB055BD281E319600608B9D /* Extentions */,
			);
			path = Utils;
			sourceTree = "<group>";
		};
		EFB055BD281E319600608B9D /* Extentions */ = {
			isa = PBXGroup;
			children = (
				EFB055BE281E31A200608B9D /* Decodable+loadFromFile.swift */,
			);
			path = Extentions;
			sourceTree = "<group>";
		};
		EFB055C2281E367F00608B9D /* RepositoriesTests */ = {
			isa = PBXGroup;
			children = (
				EFB055B8281E2F3D00608B9D /* MarvelSeriesRepositoryTests.swift */,
				EFB055C3281E368B00608B9D /* MarvelSeriesCoverRepositoryTests.swift */,
			);
			path = RepositoriesTests;
			sourceTree = "<group>";
		};
		EFB055C5281E36AD00608B9D /* Repositories Mocks */ = {
			isa = PBXGroup;
			children = (
				EFB055B6281E2D4E00608B9D /* MarvelSeriesRepositoryMock.swift */,
				EFB055C6281E36BE00608B9D /* SeriesCoverRepositoryTypeMock.swift */,
			);
			path = "Repositories Mocks";
			sourceTree = "<group>";
		};
		EFB055C8281E3DA700608B9D /* UseCaseTests */ = {
			isa = PBXGroup;
			children = (
				EFB055CD281E40CA00608B9D /* FetchMarvelSeriesUseCaseTests.swift */,
			);
			path = UseCaseTests;
			sourceTree = "<group>";
		};
		EFB055C9281E3DE600608B9D /* UseCase Mocks */ = {
			isa = PBXGroup;
			children = (
				EF926116281E5D14001BBFF4 /* LoadSeriesCoverUseCaseMock.swift */,
				EFB055CA281E3E0300608B9D /* FetchMarvelSeriesUseCaseTypeMock.swift */,
			);
			path = "UseCase Mocks";
			sourceTree = "<group>";
		};
		EFB055CC281E40A200608B9D /* Services Mock */ = {
			isa = PBXGroup;
			children = (
				EFB055C0281E352200608B9D /* ImageLoaderMock.swift */,
				EF1F8D08281E14E7002DE22C /* NetworkServiceMock.swift */,
			);
			path = "Services Mock";
			sourceTree = "<group>";
		};
		EFD89F76281FC406009D3771 /* Products */ = {
			isa = PBXGroup;
			children = (
				EFD89F7E281FC406009D3771 /* libCommonLib.a */,
				EFD89F80281FC406009D3771 /* libUILib.a */,
				EFD89F82281FC406009D3771 /* AppFramework.framework */,
				EFD89F84281FC406009D3771 /* libTestLib.a */,
			);
			name = Products;
			sourceTree = "<group>";
		};
/* End PBXGroup section */

/* Begin PBXNativeTarget section */
		EF1F8C55281CE525002DE22C /* MarvelExplorer */ = {
			isa = PBXNativeTarget;
			buildConfigurationList = EF1F8C80281CE527002DE22C /* Build configuration list for PBXNativeTarget "MarvelExplorer" */;
			buildPhases = (
				BC6EF5612CF3DAF9DEB2FA16 /* [CP] Check Pods Manifest.lock */,
				EF1F8C52281CE525002DE22C /* Sources */,
				EF1F8C53281CE525002DE22C /* Frameworks */,
				EF1F8C54281CE525002DE22C /* Resources */,
				AF0A0574880FC6B3AAA6EB69 /* [CP] Embed Pods Frameworks */,
				EFD89F87281FC772009D3771 /* CopyFiles */,
			);
			buildRules = (
			);
			dependencies = (
			);
			name = MarvelExplorer;
			productName = MarvelExplorer;
			productReference = EF1F8C56281CE525002DE22C /* MarvelExplorer.app */;
			productType = "com.apple.product-type.application";
		};
		EF1F8C6B281CE527002DE22C /* MarvelExplorerTests */ = {
			isa = PBXNativeTarget;
			buildConfigurationList = EF1F8C83281CE527002DE22C /* Build configuration list for PBXNativeTarget "MarvelExplorerTests" */;
			buildPhases = (
				2A6F967CD89050D458CBF159 /* [CP] Check Pods Manifest.lock */,
				EF1F8C68281CE527002DE22C /* Sources */,
				EF1F8C69281CE527002DE22C /* Frameworks */,
				EF1F8C6A281CE527002DE22C /* Resources */,
				EF887A3A281F90C500938B67 /* CopyFiles */,
			);
			buildRules = (
			);
			dependencies = (
				EF1F8C6E281CE527002DE22C /* PBXTargetDependency */,
			);
			name = MarvelExplorerTests;
			productName = MarvelExplorerTests;
			productReference = EF1F8C6C281CE527002DE22C /* MarvelExplorerTests.xctest */;
			productType = "com.apple.product-type.bundle.unit-test";
		};
/* End PBXNativeTarget section */

/* Begin PBXProject section */
		EF1F8C4E281CE525002DE22C /* Project object */ = {
			isa = PBXProject;
			attributes = {
				BuildIndependentTargetsInParallel = 1;
				KnownAssetTags = (
					New,
					"New-1",
				);
				LastSwiftUpdateCheck = 1330;
				LastUpgradeCheck = 1330;
				TargetAttributes = {
					EF1F8C55281CE525002DE22C = {
						CreatedOnToolsVersion = 13.3;
					};
					EF1F8C6B281CE527002DE22C = {
						CreatedOnToolsVersion = 13.3;
						TestTargetID = EF1F8C55281CE525002DE22C;
					};
				};
			};
			buildConfigurationList = EF1F8C51281CE525002DE22C /* Build configuration list for PBXProject "MarvelExplorer" */;
			compatibilityVersion = "Xcode 13.0";
			developmentRegion = en;
			hasScannedForEncodings = 0;
			knownRegions = (
				en,
				Base,
			);
			mainGroup = EF1F8C4D281CE525002DE22C;
			productRefGroup = EF1F8C57281CE525002DE22C /* Products */;
			projectDirPath = "";
			projectReferences = (
				{
					ProductGroup = EFD89F76281FC406009D3771 /* Products */;
					ProjectRef = EFD89F75281FC406009D3771 /* EarlGrey.xcodeproj */;
				},
			);
			projectRoot = "";
			targets = (
				EF1F8C55281CE525002DE22C /* MarvelExplorer */,
				EF1F8C6B281CE527002DE22C /* MarvelExplorerTests */,
			);
		};
/* End PBXProject section */

/* Begin PBXReferenceProxy section */
		EFD89F7E281FC406009D3771 /* libCommonLib.a */ = {
			isa = PBXReferenceProxy;
			fileType = archive.ar;
			path = libCommonLib.a;
			remoteRef = EFD89F7D281FC406009D3771 /* PBXContainerItemProxy */;
			sourceTree = BUILT_PRODUCTS_DIR;
		};
		EFD89F80281FC406009D3771 /* libUILib.a */ = {
			isa = PBXReferenceProxy;
			fileType = archive.ar;
			path = libUILib.a;
			remoteRef = EFD89F7F281FC406009D3771 /* PBXContainerItemProxy */;
			sourceTree = BUILT_PRODUCTS_DIR;
		};
		EFD89F82281FC406009D3771 /* AppFramework.framework */ = {
			isa = PBXReferenceProxy;
			fileType = wrapper.framework;
			path = AppFramework.framework;
			remoteRef = EFD89F81281FC406009D3771 /* PBXContainerItemProxy */;
			sourceTree = BUILT_PRODUCTS_DIR;
		};
		EFD89F84281FC406009D3771 /* libTestLib.a */ = {
			isa = PBXReferenceProxy;
			fileType = archive.ar;
			path = libTestLib.a;
			remoteRef = EFD89F83281FC406009D3771 /* PBXContainerItemProxy */;
			sourceTree = BUILT_PRODUCTS_DIR;
		};
/* End PBXReferenceProxy section */

/* Begin PBXResourcesBuildPhase section */
		EF1F8C54281CE525002DE22C /* Resources */ = {
			isa = PBXResourcesBuildPhase;
			buildActionMask = 2147483647;
			files = (
				EF1F8C66281CE527002DE22C /* LaunchScreen.storyboard in Resources */,
				EF1F8C63281CE527002DE22C /* Assets.xcassets in Resources */,
			);
			runOnlyForDeploymentPostprocessing = 0;
		};
		EF1F8C6A281CE527002DE22C /* Resources */ = {
			isa = PBXResourcesBuildPhase;
			buildActionMask = 2147483647;
			files = (
				EF8879CC281F7F3200938B67 /* FilteredSeries.json in Resources */,
				EF8879D0281F7F3200938B67 /* SeriesResponse.json in Resources */,
			);
			runOnlyForDeploymentPostprocessing = 0;
		};
/* End PBXResourcesBuildPhase section */

/* Begin PBXShellScriptBuildPhase section */
		2A6F967CD89050D458CBF159 /* [CP] Check Pods Manifest.lock */ = {
			isa = PBXShellScriptBuildPhase;
			buildActionMask = 2147483647;
			files = (
			);
			inputFileListPaths = (
			);
			inputPaths = (
				"${PODS_PODFILE_DIR_PATH}/Podfile.lock",
				"${PODS_ROOT}/Manifest.lock",
			);
			name = "[CP] Check Pods Manifest.lock";
			outputFileListPaths = (
			);
			outputPaths = (
				"$(DERIVED_FILE_DIR)/Pods-MarvelExplorerTests-checkManifestLockResult.txt",
			);
			runOnlyForDeploymentPostprocessing = 0;
			shellPath = /bin/sh;
			shellScript = "diff \"${PODS_PODFILE_DIR_PATH}/Podfile.lock\" \"${PODS_ROOT}/Manifest.lock\" > /dev/null\nif [ $? != 0 ] ; then\n    # print error to STDERR\n    echo \"error: The sandbox is not in sync with the Podfile.lock. Run 'pod install' or update your CocoaPods installation.\" >&2\n    exit 1\nfi\n# This output is used by Xcode 'outputs' to avoid re-running this script phase.\necho \"SUCCESS\" > \"${SCRIPT_OUTPUT_FILE_0}\"\n";
			showEnvVarsInLog = 0;
		};
		AF0A0574880FC6B3AAA6EB69 /* [CP] Embed Pods Frameworks */ = {
			isa = PBXShellScriptBuildPhase;
			buildActionMask = 2147483647;
			files = (
			);
			inputFileListPaths = (
				"${PODS_ROOT}/Target Support Files/Pods-MarvelExplorer/Pods-MarvelExplorer-frameworks-${CONFIGURATION}-input-files.xcfilelist",
			);
			name = "[CP] Embed Pods Frameworks";
			outputFileListPaths = (
				"${PODS_ROOT}/Target Support Files/Pods-MarvelExplorer/Pods-MarvelExplorer-frameworks-${CONFIGURATION}-output-files.xcfilelist",
			);
			runOnlyForDeploymentPostprocessing = 0;
			shellPath = /bin/sh;
			shellScript = "\"${PODS_ROOT}/Target Support Files/Pods-MarvelExplorer/Pods-MarvelExplorer-frameworks.sh\"\n";
			showEnvVarsInLog = 0;
		};
		BC6EF5612CF3DAF9DEB2FA16 /* [CP] Check Pods Manifest.lock */ = {
			isa = PBXShellScriptBuildPhase;
			buildActionMask = 2147483647;
			files = (
			);
			inputFileListPaths = (
			);
			inputPaths = (
				"${PODS_PODFILE_DIR_PATH}/Podfile.lock",
				"${PODS_ROOT}/Manifest.lock",
			);
			name = "[CP] Check Pods Manifest.lock";
			outputFileListPaths = (
			);
			outputPaths = (
				"$(DERIVED_FILE_DIR)/Pods-MarvelExplorer-checkManifestLockResult.txt",
			);
			runOnlyForDeploymentPostprocessing = 0;
			shellPath = /bin/sh;
			shellScript = "diff \"${PODS_PODFILE_DIR_PATH}/Podfile.lock\" \"${PODS_ROOT}/Manifest.lock\" > /dev/null\nif [ $? != 0 ] ; then\n    # print error to STDERR\n    echo \"error: The sandbox is not in sync with the Podfile.lock. Run 'pod install' or update your CocoaPods installation.\" >&2\n    exit 1\nfi\n# This output is used by Xcode 'outputs' to avoid re-running this script phase.\necho \"SUCCESS\" > \"${SCRIPT_OUTPUT_FILE_0}\"\n";
			showEnvVarsInLog = 0;
		};
/* End PBXShellScriptBuildPhase section */

/* Begin PBXSourcesBuildPhase section */
		EF1F8C52281CE525002DE22C /* Sources */ = {
			isa = PBXSourcesBuildPhase;
			buildActionMask = 2147483647;
			files = (
				EF1F8CE6281D1D24002DE22C /* SeriesListItemViewModel.swift in Sources */,
				EF1F8CC7281D05B9002DE22C /* Resource+MarvelSeries.swift in Sources */,
				EF1F8CA1281CE9C3002DE22C /* MarvelConstants.swift in Sources */,
				EF1F8CF7281DAE04002DE22C /* URL+HTTPS.swift in Sources */,
				EF1F8CF3281D38FD002DE22C /* DefaultMarvelSeriesCoverRepository.swift in Sources */,
				EF1F8C9A281CE8D1002DE22C /* NetworkServiceType.swift in Sources */,
				EF1F8CA4281CEB54002DE22C /* FlowCoordinator.swift in Sources */,
				EF1F8CAC281CEE53002DE22C /* ReposListNavigator.swift in Sources */,
				EF1F8CB8281CF1E7002DE22C /* SeriesListFlowCoordinator.swift in Sources */,
				EF1F8CE4281D1CB7002DE22C /* SeriesListViewModelType.swift in Sources */,
				EF1F8C5E281CE525002DE22C /* ViewController.swift in Sources */,
				EF1F8CDA281D190A002DE22C /* FetchSeriesUseCase.swift in Sources */,
				EF1F8C5A281CE525002DE22C /* AppDelegate.swift in Sources */,
				EF8873A0281F62A300938B67 /* main.swift in Sources */,
				EF1F8CCD281D0E7B002DE22C /* String+md5.swift in Sources */,
				EF1F8CF9281DB500002DE22C /* SeriesListCollectionViewDelegate.swift in Sources */,
				EF1F8CA8281CED8F002DE22C /* ApplicationFlowCoordinatorDependencyProvider.swift in Sources */,
				EF1F8CCB281D0608002DE22C /* SeriesDTO.swift in Sources */,
				EF1F8CC1281D03B3002DE22C /* PosterImageRepository.swift in Sources */,
				EF1F8CD0281D10FB002DE22C /* Resource+MarvelParameters.swift in Sources */,
				EF1F8C9C281CE8D1002DE22C /* Resource.swift in Sources */,
				EF1F8CF5281D3C0A002DE22C /* LoadCoverUseCase.swift in Sources */,
				EF1F8CED281D2AEE002DE22C /* SeriesListView.swift in Sources */,
				EF1F8C8C281CE5E6002DE22C /* ImageCache.swift in Sources */,
				EF1F8C9B281CE8D1002DE22C /* NetworkService.swift in Sources */,
				EF1F8CFB281DB6BF002DE22C /* Haptics.swift in Sources */,
				EF1F8CC5281D047D002DE22C /* DefaultSeriesRepository.swift in Sources */,
				EF1F8CEF281D2B3E002DE22C /* SeriesCollectionViewCell.swift in Sources */,
				EF1F8CFF281E067B002DE22C /* AccessibilityIdentifiers.swift in Sources */,
				EF1F8C91281CE6A4002DE22C /* AutoMockable.swift in Sources */,
				EF1F8CA6281CED73002DE22C /* AppFlowCoordinator.swift in Sources */,
				EF1F8CD5281D12EF002DE22C /* MarvelPaginator.swift in Sources */,
				EF1F8CDC281D1B2D002DE22C /* Scheduler.swift in Sources */,
				EF1F8C8D281CE5E6002DE22C /* ImageLoaderService.swift in Sources */,
				EF1F8CB3281CF03B002DE22C /* ApplicationComponentsFactory.swift in Sources */,
				EF1F8CEA281D1FF2002DE22C /* Publisher+flatMapLatest.swift in Sources */,
				EF1F8CD7281D1407002DE22C /* ThumbnailDTO.swift in Sources */,
				EF1F8CBA281CF6E4002DE22C /* Thumbnail.swift in Sources */,
				EF1F8CE8281D1E80002DE22C /* SeriesListViewModel.swift in Sources */,
				EF1F8CBF281CF97A002DE22C /* MarvelSeriesRepository.swift in Sources */,
				EF1F8C9E281CE965002DE22C /* ServiceProvider.swift in Sources */,
				EF1F8CD2281D1279002DE22C /* MarvelResponse.swift in Sources */,
				EF1F8C95281CE773002DE22C /* Publisher+ConvenienceMethods.swift in Sources */,
				EF1F8CF1281D2B7D002DE22C /* SeriesCellView.swift in Sources */,
				EF8879EE281F806A00938B67 /* Series.swift in Sources */,
				EF1F8CE0281D1BFF002DE22C /* SeriesListViewController.swift in Sources */,
			);
			runOnlyForDeploymentPostprocessing = 0;
		};
		EF1F8C68281CE527002DE22C /* Sources */ = {
			isa = PBXSourcesBuildPhase;
			buildActionMask = 2147483647;
			files = (
				EF887A44281F912800938B67 /* SeriesListUITests.swift in Sources */,
				EF8879E0281F7F3200938B67 /* MarvelSeriesRepositoryMock.swift in Sources */,
				EF8879CF281F7F3200938B67 /* ApplicationFlowCoordinatorMock.swift in Sources */,
				EF887A47281F912C00938B67 /* MarvelExplorerTestCase.swift in Sources */,
				EF8879D8281F7F3200938B67 /* NetworkServiceTests.swift in Sources */,
				EF887A3C281F90E400938B67 /* FetchMarvelSeriesUseCaseTypeMock.swift in Sources */,
				EF8879DD281F7F3200938B67 /* MarvelSeriesRepositoryTests.swift in Sources */,
				EF887A3D281F90F900938B67 /* LoadSeriesCoverUseCaseMock.swift in Sources */,
				EF8879D1281F7F3200938B67 /* Decodable+loadFromFile.swift in Sources */,
				EF887A43281F912400938B67 /* FakeAppDelegate.swift in Sources */,
				EF8879DE281F7F3200938B67 /* URLProtocolMock.swift in Sources */,
				EF8879DC281F7F3200938B67 /* NetworkServiceMock.swift in Sources */,
				EF887A48281F914600938B67 /* AccessibilityIdentifiers.swift in Sources */,
				EF8879D7281F7F3200938B67 /* ApplicationFlowCoordinatorTests.swift in Sources */,
				EF8879D4281F7F3200938B67 /* MarvelSeriesCoverRepositoryTests.swift in Sources */,
				EF887A45281F912900938B67 /* SeriesListPage.swift in Sources */,
				EF8879CE281F7F3200938B67 /* FetchMarvelSeriesUseCaseTests.swift in Sources */,
				EF8879D3281F7F3200938B67 /* SeriesListNavigatorMock.swift in Sources */,
				EF887A3E281F910E00938B67 /* EarlGrey.swift in Sources */,
				EF887A46281F912900938B67 /* Page.swift in Sources */,
				EF8879DF281F7F3200938B67 /* ImageLoaderMock.swift in Sources */,
				EF8879D6281F7F3200938B67 /* SeriesCoverRepositoryTypeMock.swift in Sources */,
				EF8879CD281F7F3200938B67 /* SeriesListViewModelTests.swift in Sources */,
			);
			runOnlyForDeploymentPostprocessing = 0;
		};
/* End PBXSourcesBuildPhase section */

/* Begin PBXTargetDependency section */
		EF1F8C6E281CE527002DE22C /* PBXTargetDependency */ = {
			isa = PBXTargetDependency;
			target = EF1F8C55281CE525002DE22C /* MarvelExplorer */;
			targetProxy = EF1F8C6D281CE527002DE22C /* PBXContainerItemProxy */;
		};
/* End PBXTargetDependency section */

/* Begin PBXVariantGroup section */
		EF1F8C64281CE527002DE22C /* LaunchScreen.storyboard */ = {
			isa = PBXVariantGroup;
			children = (
				EF1F8C65281CE527002DE22C /* Base */,
			);
			name = LaunchScreen.storyboard;
			sourceTree = "<group>";
		};
/* End PBXVariantGroup section */

/* Begin XCBuildConfiguration section */
		EF1F8C7E281CE527002DE22C /* Debug */ = {
			isa = XCBuildConfiguration;
			buildSettings = {
				ALWAYS_SEARCH_USER_PATHS = NO;
				CLANG_ANALYZER_NONNULL = YES;
				CLANG_ANALYZER_NUMBER_OBJECT_CONVERSION = YES_AGGRESSIVE;
				CLANG_CXX_LANGUAGE_STANDARD = "gnu++17";
				CLANG_ENABLE_MODULES = YES;
				CLANG_ENABLE_OBJC_ARC = YES;
				CLANG_ENABLE_OBJC_WEAK = YES;
				CLANG_WARN_BLOCK_CAPTURE_AUTORELEASING = YES;
				CLANG_WARN_BOOL_CONVERSION = YES;
				CLANG_WARN_COMMA = YES;
				CLANG_WARN_CONSTANT_CONVERSION = YES;
				CLANG_WARN_DEPRECATED_OBJC_IMPLEMENTATIONS = YES;
				CLANG_WARN_DIRECT_OBJC_ISA_USAGE = YES_ERROR;
				CLANG_WARN_DOCUMENTATION_COMMENTS = YES;
				CLANG_WARN_EMPTY_BODY = YES;
				CLANG_WARN_ENUM_CONVERSION = YES;
				CLANG_WARN_INFINITE_RECURSION = YES;
				CLANG_WARN_INT_CONVERSION = YES;
				CLANG_WARN_NON_LITERAL_NULL_CONVERSION = YES;
				CLANG_WARN_OBJC_IMPLICIT_RETAIN_SELF = YES;
				CLANG_WARN_OBJC_LITERAL_CONVERSION = YES;
				CLANG_WARN_OBJC_ROOT_CLASS = YES_ERROR;
				CLANG_WARN_QUOTED_INCLUDE_IN_FRAMEWORK_HEADER = YES;
				CLANG_WARN_RANGE_LOOP_ANALYSIS = YES;
				CLANG_WARN_STRICT_PROTOTYPES = YES;
				CLANG_WARN_SUSPICIOUS_MOVE = YES;
				CLANG_WARN_UNGUARDED_AVAILABILITY = YES_AGGRESSIVE;
				CLANG_WARN_UNREACHABLE_CODE = YES;
				CLANG_WARN__DUPLICATE_METHOD_MATCH = YES;
				COPY_PHASE_STRIP = NO;
				DEBUG_INFORMATION_FORMAT = dwarf;
				ENABLE_STRICT_OBJC_MSGSEND = YES;
				ENABLE_TESTABILITY = YES;
				GCC_C_LANGUAGE_STANDARD = gnu11;
				GCC_DYNAMIC_NO_PIC = NO;
				GCC_NO_COMMON_BLOCKS = YES;
				GCC_OPTIMIZATION_LEVEL = 0;
				GCC_PREPROCESSOR_DEFINITIONS = (
					"DEBUG=1",
					"$(inherited)",
				);
				GCC_WARN_64_TO_32_BIT_CONVERSION = YES;
				GCC_WARN_ABOUT_RETURN_TYPE = YES_ERROR;
				GCC_WARN_UNDECLARED_SELECTOR = YES;
				GCC_WARN_UNINITIALIZED_AUTOS = YES_AGGRESSIVE;
				GCC_WARN_UNUSED_FUNCTION = YES;
				GCC_WARN_UNUSED_VARIABLE = YES;
				IPHONEOS_DEPLOYMENT_TARGET = 13.0;
				MTL_ENABLE_DEBUG_INFO = INCLUDE_SOURCE;
				MTL_FAST_MATH = YES;
				ONLY_ACTIVE_ARCH = YES;
				SDKROOT = iphoneos;
				SWIFT_ACTIVE_COMPILATION_CONDITIONS = DEBUG;
				SWIFT_OPTIMIZATION_LEVEL = "-Onone";
			};
			name = Debug;
		};
		EF1F8C7F281CE527002DE22C /* Release */ = {
			isa = XCBuildConfiguration;
			buildSettings = {
				ALWAYS_SEARCH_USER_PATHS = NO;
				CLANG_ANALYZER_NONNULL = YES;
				CLANG_ANALYZER_NUMBER_OBJECT_CONVERSION = YES_AGGRESSIVE;
				CLANG_CXX_LANGUAGE_STANDARD = "gnu++17";
				CLANG_ENABLE_MODULES = YES;
				CLANG_ENABLE_OBJC_ARC = YES;
				CLANG_ENABLE_OBJC_WEAK = YES;
				CLANG_WARN_BLOCK_CAPTURE_AUTORELEASING = YES;
				CLANG_WARN_BOOL_CONVERSION = YES;
				CLANG_WARN_COMMA = YES;
				CLANG_WARN_CONSTANT_CONVERSION = YES;
				CLANG_WARN_DEPRECATED_OBJC_IMPLEMENTATIONS = YES;
				CLANG_WARN_DIRECT_OBJC_ISA_USAGE = YES_ERROR;
				CLANG_WARN_DOCUMENTATION_COMMENTS = YES;
				CLANG_WARN_EMPTY_BODY = YES;
				CLANG_WARN_ENUM_CONVERSION = YES;
				CLANG_WARN_INFINITE_RECURSION = YES;
				CLANG_WARN_INT_CONVERSION = YES;
				CLANG_WARN_NON_LITERAL_NULL_CONVERSION = YES;
				CLANG_WARN_OBJC_IMPLICIT_RETAIN_SELF = YES;
				CLANG_WARN_OBJC_LITERAL_CONVERSION = YES;
				CLANG_WARN_OBJC_ROOT_CLASS = YES_ERROR;
				CLANG_WARN_QUOTED_INCLUDE_IN_FRAMEWORK_HEADER = YES;
				CLANG_WARN_RANGE_LOOP_ANALYSIS = YES;
				CLANG_WARN_STRICT_PROTOTYPES = YES;
				CLANG_WARN_SUSPICIOUS_MOVE = YES;
				CLANG_WARN_UNGUARDED_AVAILABILITY = YES_AGGRESSIVE;
				CLANG_WARN_UNREACHABLE_CODE = YES;
				CLANG_WARN__DUPLICATE_METHOD_MATCH = YES;
				COPY_PHASE_STRIP = NO;
				DEBUG_INFORMATION_FORMAT = "dwarf-with-dsym";
				ENABLE_NS_ASSERTIONS = NO;
				ENABLE_STRICT_OBJC_MSGSEND = YES;
				GCC_C_LANGUAGE_STANDARD = gnu11;
				GCC_NO_COMMON_BLOCKS = YES;
				GCC_WARN_64_TO_32_BIT_CONVERSION = YES;
				GCC_WARN_ABOUT_RETURN_TYPE = YES_ERROR;
				GCC_WARN_UNDECLARED_SELECTOR = YES;
				GCC_WARN_UNINITIALIZED_AUTOS = YES_AGGRESSIVE;
				GCC_WARN_UNUSED_FUNCTION = YES;
				GCC_WARN_UNUSED_VARIABLE = YES;
				IPHONEOS_DEPLOYMENT_TARGET = 13.0;
				MTL_ENABLE_DEBUG_INFO = NO;
				MTL_FAST_MATH = YES;
				SDKROOT = iphoneos;
				SWIFT_COMPILATION_MODE = wholemodule;
				SWIFT_OPTIMIZATION_LEVEL = "-O";
				VALIDATE_PRODUCT = YES;
			};
			name = Release;
		};
		EF1F8C81281CE527002DE22C /* Debug */ = {
			isa = XCBuildConfiguration;
			baseConfigurationReference = A7884F8E8ABC7AE67DBE62AE /* Pods-MarvelExplorer.debug.xcconfig */;
			buildSettings = {
				ASSETCATALOG_COMPILER_APPICON_NAME = AppIcon;
				ASSETCATALOG_COMPILER_GLOBAL_ACCENT_COLOR_NAME = AccentColor;
				CODE_SIGN_STYLE = Automatic;
				CURRENT_PROJECT_VERSION = 1;
				DEVELOPMENT_TEAM = VY964QG6LS;
				GENERATE_INFOPLIST_FILE = YES;
				INFOPLIST_FILE = MarvelExplorer/Info.plist;
				INFOPLIST_KEY_UIApplicationSupportsIndirectInputEvents = YES;
				INFOPLIST_KEY_UILaunchStoryboardName = LaunchScreen;
				INFOPLIST_KEY_UISupportedInterfaceOrientations_iPad = "UIInterfaceOrientationPortrait UIInterfaceOrientationPortraitUpsideDown UIInterfaceOrientationLandscapeLeft UIInterfaceOrientationLandscapeRight";
				INFOPLIST_KEY_UISupportedInterfaceOrientations_iPhone = "UIInterfaceOrientationPortrait UIInterfaceOrientationLandscapeLeft UIInterfaceOrientationLandscapeRight";
				IPHONEOS_DEPLOYMENT_TARGET = 14.5;
				LD_RUNPATH_SEARCH_PATHS = (
					"$(inherited)",
					"@executable_path/Frameworks",
					"@loader_path/Frameworks",
				);
				MARKETING_VERSION = 1.0;
				PRODUCT_BUNDLE_IDENTIFIER = com.mostfa.MarvelExplorer;
				PRODUCT_NAME = "$(TARGET_NAME)";
				SWIFT_EMIT_LOC_STRINGS = YES;
				SWIFT_OBJC_BRIDGING_HEADER = MarvelExplorer/BridgingHeader.h;
				SWIFT_VERSION = 5.0;
				TARGETED_DEVICE_FAMILY = "1,2";
				TVOS_DEPLOYMENT_TARGET = 14.5;
			};
			name = Debug;
		};
		EF1F8C82281CE527002DE22C /* Release */ = {
			isa = XCBuildConfiguration;
			baseConfigurationReference = 30F17458D4CC55B401B469E3 /* Pods-MarvelExplorer.release.xcconfig */;
			buildSettings = {
				ASSETCATALOG_COMPILER_APPICON_NAME = AppIcon;
				ASSETCATALOG_COMPILER_GLOBAL_ACCENT_COLOR_NAME = AccentColor;
				CODE_SIGN_STYLE = Automatic;
				CURRENT_PROJECT_VERSION = 1;
				DEVELOPMENT_TEAM = VY964QG6LS;
				GENERATE_INFOPLIST_FILE = YES;
				INFOPLIST_FILE = MarvelExplorer/Info.plist;
				INFOPLIST_KEY_UIApplicationSupportsIndirectInputEvents = YES;
				INFOPLIST_KEY_UILaunchStoryboardName = LaunchScreen;
				INFOPLIST_KEY_UISupportedInterfaceOrientations_iPad = "UIInterfaceOrientationPortrait UIInterfaceOrientationPortraitUpsideDown UIInterfaceOrientationLandscapeLeft UIInterfaceOrientationLandscapeRight";
				INFOPLIST_KEY_UISupportedInterfaceOrientations_iPhone = "UIInterfaceOrientationPortrait UIInterfaceOrientationLandscapeLeft UIInterfaceOrientationLandscapeRight";
				IPHONEOS_DEPLOYMENT_TARGET = 14.5;
				LD_RUNPATH_SEARCH_PATHS = (
					"$(inherited)",
					"@executable_path/Frameworks",
					"@loader_path/Frameworks",
				);
				MARKETING_VERSION = 1.0;
				PRODUCT_BUNDLE_IDENTIFIER = com.mostfa.MarvelExplorer;
				PRODUCT_NAME = "$(TARGET_NAME)";
				SWIFT_EMIT_LOC_STRINGS = YES;
				SWIFT_OBJC_BRIDGING_HEADER = MarvelExplorer/BridgingHeader.h;
				SWIFT_VERSION = 5.0;
				TARGETED_DEVICE_FAMILY = "1,2";
				TVOS_DEPLOYMENT_TARGET = 14.5;
			};
			name = Release;
		};
		EF1F8C84281CE527002DE22C /* Debug */ = {
			isa = XCBuildConfiguration;
			baseConfigurationReference = 5CBCC3FFBDDAC0D53F3318AD /* Pods-MarvelExplorerTests.debug.xcconfig */;
			buildSettings = {
				ALWAYS_EMBED_SWIFT_STANDARD_LIBRARIES = YES;
				BUNDLE_LOADER = "$(TEST_HOST)";
				CODE_SIGN_STYLE = Automatic;
				CURRENT_PROJECT_VERSION = 1;
				DEVELOPMENT_TEAM = 4P4X5M92CT;
				ENABLE_BITCODE = NO;
				FRAMEWORK_SEARCH_PATHS = (
					"$(inherited)",
					"$(PROJECT_DIR)",
				);
				GENERATE_INFOPLIST_FILE = YES;
				IPHONEOS_DEPLOYMENT_TARGET = 14.5;
				LD_RUNPATH_SEARCH_PATHS = (
					"$(inherited)",
					"$(LD_RUNPATH_SEARCH_PATHS_SHALLOW_BUNDLE_$(SHALLOW_BUNDLE))",
					"@loader_path/Frameworks",
				);
				MARKETING_VERSION = 1.0;
				OTHER_LDFLAGS = (
					"$(inherited)",
					"-framework",
					"\"Foundation\"",
					"-framework",
					"\"Keys\"",
					"-framework",
					"\"QuartzCore\"",
					"-framework",
					"\"SVProgressHUD\"",
					"-framework",
					"\"SnapKit\"",
					"-ObjC",
				);
				PRODUCT_BUNDLE_IDENTIFIER = com.mostfa.MarvelExplorerTests;
				PRODUCT_NAME = "$(TARGET_NAME)";
				SWIFT_EMIT_LOC_STRINGS = NO;
				SWIFT_OBJC_BRIDGING_HEADER = "MarvelExplorer/uiTest-BridgingHeader.h";
				SWIFT_VERSION = 5.0;
				TARGETED_DEVICE_FAMILY = "1,2";
				TEST_HOST = "$(BUILT_PRODUCTS_DIR)/MarvelExplorer.app/MarvelExplorer";
				TVOS_DEPLOYMENT_TARGET = 14.5;
				USER_HEADER_SEARCH_PATHS = (
					"EarlGrey/**",
					"../../eDistantObject/**",
					"EarlGrey/eDistantObject/**",
					"../../**",
					"EarlGrey/CommonLib/**",
					"EarlGrey/AppFramework/Action/**",
				);
			};
			name = Debug;
		};
		EF1F8C85281CE527002DE22C /* Release */ = {
			isa = XCBuildConfiguration;
			baseConfigurationReference = A41F07861E15074EBDBACA08 /* Pods-MarvelExplorerTests.release.xcconfig */;
			buildSettings = {
				ALWAYS_EMBED_SWIFT_STANDARD_LIBRARIES = YES;
				BUNDLE_LOADER = "$(TEST_HOST)";
				CODE_SIGN_STYLE = Automatic;
				CURRENT_PROJECT_VERSION = 1;
				DEVELOPMENT_TEAM = 4P4X5M92CT;
				ENABLE_BITCODE = NO;
				FRAMEWORK_SEARCH_PATHS = (
					"$(inherited)",
					"$(PROJECT_DIR)",
				);
				GENERATE_INFOPLIST_FILE = YES;
				IPHONEOS_DEPLOYMENT_TARGET = 14.5;
				LD_RUNPATH_SEARCH_PATHS = (
					"$(inherited)",
					"$(LD_RUNPATH_SEARCH_PATHS_SHALLOW_BUNDLE_$(SHALLOW_BUNDLE))",
					"@loader_path/Frameworks",
				);
				MARKETING_VERSION = 1.0;
				OTHER_LDFLAGS = (
					"$(inherited)",
					"-framework",
					"\"Foundation\"",
					"-framework",
					"\"Keys\"",
					"-framework",
					"\"QuartzCore\"",
					"-framework",
					"\"SVProgressHUD\"",
					"-framework",
					"\"SnapKit\"",
					"-ObjC",
				);
				PRODUCT_BUNDLE_IDENTIFIER = com.mostfa.MarvelExplorerTests;
				PRODUCT_NAME = "$(TARGET_NAME)";
				SWIFT_EMIT_LOC_STRINGS = NO;
				SWIFT_OBJC_BRIDGING_HEADER = "MarvelExplorer/uiTest-BridgingHeader.h";
				SWIFT_VERSION = 5.0;
				TARGETED_DEVICE_FAMILY = "1,2";
				TEST_HOST = "$(BUILT_PRODUCTS_DIR)/MarvelExplorer.app/MarvelExplorer";
				TVOS_DEPLOYMENT_TARGET = 14.5;
				USER_HEADER_SEARCH_PATHS = (
					"EarlGrey/**",
					"../../eDistantObject/**",
					"EarlGrey/eDistantObject/**",
					"../../**",
					"EarlGrey/CommonLib/**",
					"EarlGrey/AppFramework/Action/**",
				);
			};
			name = Release;
		};
/* End XCBuildConfiguration section */

/* Begin XCConfigurationList section */
		EF1F8C51281CE525002DE22C /* Build configuration list for PBXProject "MarvelExplorer" */ = {
			isa = XCConfigurationList;
			buildConfigurations = (
				EF1F8C7E281CE527002DE22C /* Debug */,
				EF1F8C7F281CE527002DE22C /* Release */,
			);
			defaultConfigurationIsVisible = 0;
			defaultConfigurationName = Release;
		};
		EF1F8C80281CE527002DE22C /* Build configuration list for PBXNativeTarget "MarvelExplorer" */ = {
			isa = XCConfigurationList;
			buildConfigurations = (
				EF1F8C81281CE527002DE22C /* Debug */,
				EF1F8C82281CE527002DE22C /* Release */,
			);
			defaultConfigurationIsVisible = 0;
			defaultConfigurationName = Release;
		};
		EF1F8C83281CE527002DE22C /* Build configuration list for PBXNativeTarget "MarvelExplorerTests" */ = {
			isa = XCConfigurationList;
			buildConfigurations = (
				EF1F8C84281CE527002DE22C /* Debug */,
				EF1F8C85281CE527002DE22C /* Release */,
			);
			defaultConfigurationIsVisible = 0;
			defaultConfigurationName = Release;
		};
/* End XCConfigurationList section */
	};
	rootObject = EF1F8C4E281CE525002DE22C /* Project object */;
}
