// !$*UTF8*$!
{
	archiveVersion = 1;
	classes = {
	};
	objectVersion = 55;
	objects = {

/* Begin PBXBuildFile section */
		4A19A908FCA5D336250DD351 /* Pods_MarvelExplorerTests.framework in Frameworks */ = {isa = PBXBuildFile; fileRef = E4DEDA3B69F105C0720D0CEF /* Pods_MarvelExplorerTests.framework */; };
		A0E7F19999F376D8E654D836 /* Pods_MarvelExplorer_MarvelExplorerUITests.framework in Frameworks */ = {isa = PBXBuildFile; fileRef = 79B318EB83997BB77225DA07 /* Pods_MarvelExplorer_MarvelExplorerUITests.framework */; };
		EF1F8C5A281CE525002DE22C /* AppDelegate.swift in Sources */ = {isa = PBXBuildFile; fileRef = EF1F8C59281CE525002DE22C /* AppDelegate.swift */; };
		EF1F8C5E281CE525002DE22C /* ViewController.swift in Sources */ = {isa = PBXBuildFile; fileRef = EF1F8C5D281CE525002DE22C /* ViewController.swift */; };
		EF1F8C63281CE527002DE22C /* Assets.xcassets in Resources */ = {isa = PBXBuildFile; fileRef = EF1F8C62281CE527002DE22C /* Assets.xcassets */; };
		EF1F8C66281CE527002DE22C /* LaunchScreen.storyboard in Resources */ = {isa = PBXBuildFile; fileRef = EF1F8C64281CE527002DE22C /* LaunchScreen.storyboard */; };
		EF1F8C71281CE527002DE22C /* MarvelExplorerTests.swift in Sources */ = {isa = PBXBuildFile; fileRef = EF1F8C70281CE527002DE22C /* MarvelExplorerTests.swift */; };
		EF1F8C7B281CE527002DE22C /* MarvelExplorerUITests.swift in Sources */ = {isa = PBXBuildFile; fileRef = EF1F8C7A281CE527002DE22C /* MarvelExplorerUITests.swift */; };
		EF1F8C7D281CE527002DE22C /* MarvelExplorerUITestsLaunchTests.swift in Sources */ = {isa = PBXBuildFile; fileRef = EF1F8C7C281CE527002DE22C /* MarvelExplorerUITestsLaunchTests.swift */; };
		EF1F8C8C281CE5E6002DE22C /* ImageCache.swift in Sources */ = {isa = PBXBuildFile; fileRef = EF1F8C8A281CE5E5002DE22C /* ImageCache.swift */; };
		EF1F8C8D281CE5E6002DE22C /* ImageLoaderService.swift in Sources */ = {isa = PBXBuildFile; fileRef = EF1F8C8B281CE5E6002DE22C /* ImageLoaderService.swift */; };
		EF1F8C91281CE6A4002DE22C /* AutoMockable.swift in Sources */ = {isa = PBXBuildFile; fileRef = EF1F8C90281CE6A4002DE22C /* AutoMockable.swift */; };
		EF1F8C95281CE773002DE22C /* Publisher+ConvenienceMethods.swift in Sources */ = {isa = PBXBuildFile; fileRef = EF1F8C94281CE773002DE22C /* Publisher+ConvenienceMethods.swift */; };
		EF1F8C9A281CE8D1002DE22C /* NetworkServiceType.swift in Sources */ = {isa = PBXBuildFile; fileRef = EF1F8C97281CE8D1002DE22C /* NetworkServiceType.swift */; };
		EF1F8C9B281CE8D1002DE22C /* NetworkService.swift in Sources */ = {isa = PBXBuildFile; fileRef = EF1F8C98281CE8D1002DE22C /* NetworkService.swift */; };
		EF1F8C9C281CE8D1002DE22C /* Resource.swift in Sources */ = {isa = PBXBuildFile; fileRef = EF1F8C99281CE8D1002DE22C /* Resource.swift */; };
		EF1F8C9E281CE965002DE22C /* ServiceProvider.swift in Sources */ = {isa = PBXBuildFile; fileRef = EF1F8C9D281CE964002DE22C /* ServiceProvider.swift */; };
		EF1F8CA1281CE9C3002DE22C /* MarvelConstants.swift in Sources */ = {isa = PBXBuildFile; fileRef = EF1F8CA0281CE9C3002DE22C /* MarvelConstants.swift */; };
		EF1F8CA4281CEB54002DE22C /* FlowCoordinator.swift in Sources */ = {isa = PBXBuildFile; fileRef = EF1F8CA3281CEB54002DE22C /* FlowCoordinator.swift */; };
		EF1F8CA6281CED73002DE22C /* AppFlowCoordinator.swift in Sources */ = {isa = PBXBuildFile; fileRef = EF1F8CA5281CED73002DE22C /* AppFlowCoordinator.swift */; };
		EF1F8CA8281CED8F002DE22C /* ApplicationFlowCoordinatorDependencyProvider.swift in Sources */ = {isa = PBXBuildFile; fileRef = EF1F8CA7281CED8F002DE22C /* ApplicationFlowCoordinatorDependencyProvider.swift */; };
		EF1F8CAC281CEE53002DE22C /* ReposListNavigator.swift in Sources */ = {isa = PBXBuildFile; fileRef = EF1F8CAB281CEE53002DE22C /* ReposListNavigator.swift */; };
		EF1F8CAF281CEE98002DE22C /* Series.swift in Sources */ = {isa = PBXBuildFile; fileRef = EF1F8CAE281CEE98002DE22C /* Series.swift */; };
		EF1F8CB3281CF03B002DE22C /* ApplicationComponentsFactory.swift in Sources */ = {isa = PBXBuildFile; fileRef = EF1F8CB2281CF03B002DE22C /* ApplicationComponentsFactory.swift */; };
		EF1F8CB8281CF1E7002DE22C /* SeriesListFlowCoordinator.swift in Sources */ = {isa = PBXBuildFile; fileRef = EF1F8CB7281CF1E7002DE22C /* SeriesListFlowCoordinator.swift */; };
		EF1F8CBA281CF6E4002DE22C /* Thumbnail.swift in Sources */ = {isa = PBXBuildFile; fileRef = EF1F8CB9281CF6E4002DE22C /* Thumbnail.swift */; };
		EF1F8CBF281CF97A002DE22C /* MarvelSeriesRepository.swift in Sources */ = {isa = PBXBuildFile; fileRef = EF1F8CBE281CF97A002DE22C /* MarvelSeriesRepository.swift */; };
		EF1F8CC1281D03B3002DE22C /* PosterImageRepository.swift in Sources */ = {isa = PBXBuildFile; fileRef = EF1F8CC0281D03B3002DE22C /* PosterImageRepository.swift */; };
		EF1F8CC5281D047D002DE22C /* DefaultSeriesRepository.swift in Sources */ = {isa = PBXBuildFile; fileRef = EF1F8CC4281D047D002DE22C /* DefaultSeriesRepository.swift */; };
		EF1F8CC7281D05B9002DE22C /* Resource+MarvelSeries.swift in Sources */ = {isa = PBXBuildFile; fileRef = EF1F8CC6281D05B9002DE22C /* Resource+MarvelSeries.swift */; };
		EF1F8CCB281D0608002DE22C /* SeriesDTO.swift in Sources */ = {isa = PBXBuildFile; fileRef = EF1F8CCA281D0608002DE22C /* SeriesDTO.swift */; };
		EF1F8CCD281D0E7B002DE22C /* String+md5.swift in Sources */ = {isa = PBXBuildFile; fileRef = EF1F8CCC281D0E7B002DE22C /* String+md5.swift */; };
		EF1F8CD0281D10FB002DE22C /* Resource+MarvelParameters.swift in Sources */ = {isa = PBXBuildFile; fileRef = EF1F8CCF281D10FB002DE22C /* Resource+MarvelParameters.swift */; };
		EF1F8CD2281D1279002DE22C /* MarvelResponse.swift in Sources */ = {isa = PBXBuildFile; fileRef = EF1F8CD1281D1279002DE22C /* MarvelResponse.swift */; };
		EF1F8CD5281D12EF002DE22C /* MarvelPaginator.swift in Sources */ = {isa = PBXBuildFile; fileRef = EF1F8CD4281D12EF002DE22C /* MarvelPaginator.swift */; };
		EF1F8CD7281D1407002DE22C /* ThumbnailDTO.swift in Sources */ = {isa = PBXBuildFile; fileRef = EF1F8CD6281D1407002DE22C /* ThumbnailDTO.swift */; };
		EF1F8CDA281D190A002DE22C /* FetchSeriesUseCase.swift in Sources */ = {isa = PBXBuildFile; fileRef = EF1F8CD9281D190A002DE22C /* FetchSeriesUseCase.swift */; };
		EF1F8CDC281D1B2D002DE22C /* Scheduler.swift in Sources */ = {isa = PBXBuildFile; fileRef = EF1F8CDB281D1B2D002DE22C /* Scheduler.swift */; };
		EF1F8CE0281D1BFF002DE22C /* SeriesListViewController.swift in Sources */ = {isa = PBXBuildFile; fileRef = EF1F8CDF281D1BFF002DE22C /* SeriesListViewController.swift */; };
		EF1F8CE4281D1CB7002DE22C /* SeriesListViewModelType.swift in Sources */ = {isa = PBXBuildFile; fileRef = EF1F8CE3281D1CB7002DE22C /* SeriesListViewModelType.swift */; };
		EF1F8CE6281D1D24002DE22C /* SeriesListItemViewModel.swift in Sources */ = {isa = PBXBuildFile; fileRef = EF1F8CE5281D1D24002DE22C /* SeriesListItemViewModel.swift */; };
		EF1F8CE8281D1E80002DE22C /* SeriesListViewModel.swift in Sources */ = {isa = PBXBuildFile; fileRef = EF1F8CE7281D1E80002DE22C /* SeriesListViewModel.swift */; };
		EF1F8CEA281D1FF2002DE22C /* Publisher+flatMapLatest.swift in Sources */ = {isa = PBXBuildFile; fileRef = EF1F8CE9281D1FF2002DE22C /* Publisher+flatMapLatest.swift */; };
		EF1F8CED281D2AEE002DE22C /* SeriesListView.swift in Sources */ = {isa = PBXBuildFile; fileRef = EF1F8CEC281D2AEE002DE22C /* SeriesListView.swift */; };
		EF1F8CEF281D2B3E002DE22C /* SeriesCollectionViewCell.swift in Sources */ = {isa = PBXBuildFile; fileRef = EF1F8CEE281D2B3E002DE22C /* SeriesCollectionViewCell.swift */; };
		EF1F8CF1281D2B7D002DE22C /* SeriesCellView.swift in Sources */ = {isa = PBXBuildFile; fileRef = EF1F8CF0281D2B7D002DE22C /* SeriesCellView.swift */; };
		EF1F8CF3281D38FD002DE22C /* DefaultMarvelSeriesCoverRepository.swift in Sources */ = {isa = PBXBuildFile; fileRef = EF1F8CF2281D38FD002DE22C /* DefaultMarvelSeriesCoverRepository.swift */; };
		EF1F8CF5281D3C0A002DE22C /* LoadCoverUseCase.swift in Sources */ = {isa = PBXBuildFile; fileRef = EF1F8CF4281D3C0A002DE22C /* LoadCoverUseCase.swift */; };
		EF1F8CF7281DAE04002DE22C /* URL+HTTPS.swift in Sources */ = {isa = PBXBuildFile; fileRef = EF1F8CF6281DAE04002DE22C /* URL+HTTPS.swift */; };
		EF1F8CF9281DB500002DE22C /* SeriesListCollectionViewDelegate.swift in Sources */ = {isa = PBXBuildFile; fileRef = EF1F8CF8281DB500002DE22C /* SeriesListCollectionViewDelegate.swift */; };
		EF1F8CFB281DB6BF002DE22C /* Haptics.swift in Sources */ = {isa = PBXBuildFile; fileRef = EF1F8CFA281DB6BF002DE22C /* Haptics.swift */; };
		EF1F8CFF281E067B002DE22C /* AccessibilityIdentifiers.swift in Sources */ = {isa = PBXBuildFile; fileRef = EF1F8CFE281E067A002DE22C /* AccessibilityIdentifiers.swift */; };
		EF1F8D02281E0DB9002DE22C /* ApplicationFlowCoordinatorTests.swift in Sources */ = {isa = PBXBuildFile; fileRef = EF1F8D01281E0DB9002DE22C /* ApplicationFlowCoordinatorTests.swift */; };
		EF1F8D05281E0F4B002DE22C /* ApplicationFlowCoordinatorMock.swift in Sources */ = {isa = PBXBuildFile; fileRef = EF1F8D04281E0F4B002DE22C /* ApplicationFlowCoordinatorMock.swift */; };
		EF1F8D07281E145F002DE22C /* URLProtocolMock.swift in Sources */ = {isa = PBXBuildFile; fileRef = EF1F8D06281E145F002DE22C /* URLProtocolMock.swift */; };
		EF1F8D09281E14E7002DE22C /* NetworkServiceMock.swift in Sources */ = {isa = PBXBuildFile; fileRef = EF1F8D08281E14E7002DE22C /* NetworkServiceMock.swift */; };
		EF1F8D0B281E15AF002DE22C /* NetworkServiceTests.swift in Sources */ = {isa = PBXBuildFile; fileRef = EF1F8D0A281E15AF002DE22C /* NetworkServiceTests.swift */; };
		EF2ADB84281E17B600D42C97 /* SeriesResponse.json in Resources */ = {isa = PBXBuildFile; fileRef = EF2ADB83281E17B600D42C97 /* SeriesResponse.json */; };
		EF92610C281E4AD5001BBFF4 /* FilteredSeries.json in Resources */ = {isa = PBXBuildFile; fileRef = EF92610B281E4AD5001BBFF4 /* FilteredSeries.json */; };
		EF926112281E5AF2001BBFF4 /* SeriesListViewModelTests.swift in Sources */ = {isa = PBXBuildFile; fileRef = EF926111281E5AF2001BBFF4 /* SeriesListViewModelTests.swift */; };
		EF926115281E5B4B001BBFF4 /* SeriesListNavigatorMock.swift in Sources */ = {isa = PBXBuildFile; fileRef = EF926114281E5B4B001BBFF4 /* SeriesListNavigatorMock.swift */; };
		EF926117281E5D14001BBFF4 /* LoadSeriesCoverUseCaseMock.swift in Sources */ = {isa = PBXBuildFile; fileRef = EF926116281E5D14001BBFF4 /* LoadSeriesCoverUseCaseMock.swift */; };
		EFB055B7281E2D4E00608B9D /* MarvelSeriesRepositoryMock.swift in Sources */ = {isa = PBXBuildFile; fileRef = EFB055B6281E2D4E00608B9D /* MarvelSeriesRepositoryMock.swift */; };
		EFB055BF281E31A200608B9D /* Decodable+loadFromFile.swift in Sources */ = {isa = PBXBuildFile; fileRef = EFB055BE281E31A200608B9D /* Decodable+loadFromFile.swift */; };
		EFB055C1281E352200608B9D /* ImageLoaderMock.swift in Sources */ = {isa = PBXBuildFile; fileRef = EFB055C0281E352200608B9D /* ImageLoaderMock.swift */; };
		EFB055C4281E368B00608B9D /* MarvelSeriesCoverRepositoryTests.swift in Sources */ = {isa = PBXBuildFile; fileRef = EFB055C3281E368B00608B9D /* MarvelSeriesCoverRepositoryTests.swift */; };
		EFB055C7281E36BE00608B9D /* SeriesCoverRepositoryTypeMock.swift in Sources */ = {isa = PBXBuildFile; fileRef = EFB055C6281E36BE00608B9D /* SeriesCoverRepositoryTypeMock.swift */; };
		EFB055CB281E3E0300608B9D /* FetchMarvelSeriesUseCaseTypeMock.swift in Sources */ = {isa = PBXBuildFile; fileRef = EFB055CA281E3E0300608B9D /* FetchMarvelSeriesUseCaseTypeMock.swift */; };
		EFB055CE281E40CA00608B9D /* FetchMarvelSeriesUseCaseTests.swift in Sources */ = {isa = PBXBuildFile; fileRef = EFB055CD281E40CA00608B9D /* FetchMarvelSeriesUseCaseTests.swift */; };
		EFF4E47B281E49C200D5CFE4 /* MarvelSeriesRepositoryTests.swift in Sources */ = {isa = PBXBuildFile; fileRef = EFB055B8281E2F3D00608B9D /* MarvelSeriesRepositoryTests.swift */; };
		FFD72C581ACA5D5252D93DD3 /* Pods_MarvelExplorer.framework in Frameworks */ = {isa = PBXBuildFile; fileRef = 5E2A39FF95B359D5950657FB /* Pods_MarvelExplorer.framework */; };
/* End PBXBuildFile section */

/* Begin PBXContainerItemProxy section */
		EF1F8C6D281CE527002DE22C /* PBXContainerItemProxy */ = {
			isa = PBXContainerItemProxy;
			containerPortal = EF1F8C4E281CE525002DE22C /* Project object */;
			proxyType = 1;
			remoteGlobalIDString = EF1F8C55281CE525002DE22C;
			remoteInfo = MarvelExplorer;
		};
		EF1F8C77281CE527002DE22C /* PBXContainerItemProxy */ = {
			isa = PBXContainerItemProxy;
			containerPortal = EF1F8C4E281CE525002DE22C /* Project object */;
			proxyType = 1;
			remoteGlobalIDString = EF1F8C55281CE525002DE22C;
			remoteInfo = MarvelExplorer;
		};
/* End PBXContainerItemProxy section */

/* Begin PBXFileReference section */
		056719C63820D3E16D558026 /* Pods-MarvelExplorer-MarvelExplorerUITests.release.xcconfig */ = {isa = PBXFileReference; includeInIndex = 1; lastKnownFileType = text.xcconfig; name = "Pods-MarvelExplorer-MarvelExplorerUITests.release.xcconfig"; path = "Target Support Files/Pods-MarvelExplorer-MarvelExplorerUITests/Pods-MarvelExplorer-MarvelExplorerUITests.release.xcconfig"; sourceTree = "<group>"; };
		06B9B3D4F555D1A63DE4315F /* Pods-MarvelExplorer-MarvelExplorerUITests.debug.xcconfig */ = {isa = PBXFileReference; includeInIndex = 1; lastKnownFileType = text.xcconfig; name = "Pods-MarvelExplorer-MarvelExplorerUITests.debug.xcconfig"; path = "Target Support Files/Pods-MarvelExplorer-MarvelExplorerUITests/Pods-MarvelExplorer-MarvelExplorerUITests.debug.xcconfig"; sourceTree = "<group>"; };
		07B149FE83C4315E6A0F5E84 /* Pods-MarvelExplorerTests.release.xcconfig */ = {isa = PBXFileReference; includeInIndex = 1; lastKnownFileType = text.xcconfig; name = "Pods-MarvelExplorerTests.release.xcconfig"; path = "Target Support Files/Pods-MarvelExplorerTests/Pods-MarvelExplorerTests.release.xcconfig"; sourceTree = "<group>"; };
		1900B5C7B8800C747726612E /* Pods-MarvelExplorer.release.xcconfig */ = {isa = PBXFileReference; includeInIndex = 1; lastKnownFileType = text.xcconfig; name = "Pods-MarvelExplorer.release.xcconfig"; path = "Target Support Files/Pods-MarvelExplorer/Pods-MarvelExplorer.release.xcconfig"; sourceTree = "<group>"; };
		5E2A39FF95B359D5950657FB /* Pods_MarvelExplorer.framework */ = {isa = PBXFileReference; explicitFileType = wrapper.framework; includeInIndex = 0; path = Pods_MarvelExplorer.framework; sourceTree = BUILT_PRODUCTS_DIR; };
		79B318EB83997BB77225DA07 /* Pods_MarvelExplorer_MarvelExplorerUITests.framework */ = {isa = PBXFileReference; explicitFileType = wrapper.framework; includeInIndex = 0; path = Pods_MarvelExplorer_MarvelExplorerUITests.framework; sourceTree = BUILT_PRODUCTS_DIR; };
		7D963D98C93441A5A44E4B20 /* Pods-MarvelExplorer.debug.xcconfig */ = {isa = PBXFileReference; includeInIndex = 1; lastKnownFileType = text.xcconfig; name = "Pods-MarvelExplorer.debug.xcconfig"; path = "Target Support Files/Pods-MarvelExplorer/Pods-MarvelExplorer.debug.xcconfig"; sourceTree = "<group>"; };
		E4DEDA3B69F105C0720D0CEF /* Pods_MarvelExplorerTests.framework */ = {isa = PBXFileReference; explicitFileType = wrapper.framework; includeInIndex = 0; path = Pods_MarvelExplorerTests.framework; sourceTree = BUILT_PRODUCTS_DIR; };
		EF1F8C56281CE525002DE22C /* MarvelExplorer.app */ = {isa = PBXFileReference; explicitFileType = wrapper.application; includeInIndex = 0; path = MarvelExplorer.app; sourceTree = BUILT_PRODUCTS_DIR; };
		EF1F8C59281CE525002DE22C /* AppDelegate.swift */ = {isa = PBXFileReference; lastKnownFileType = sourcecode.swift; path = AppDelegate.swift; sourceTree = "<group>"; };
		EF1F8C5D281CE525002DE22C /* ViewController.swift */ = {isa = PBXFileReference; lastKnownFileType = sourcecode.swift; path = ViewController.swift; sourceTree = "<group>"; };
		EF1F8C62281CE527002DE22C /* Assets.xcassets */ = {isa = PBXFileReference; lastKnownFileType = folder.assetcatalog; path = Assets.xcassets; sourceTree = "<group>"; };
		EF1F8C65281CE527002DE22C /* Base */ = {isa = PBXFileReference; lastKnownFileType = file.storyboard; name = Base; path = Base.lproj/LaunchScreen.storyboard; sourceTree = "<group>"; };
		EF1F8C67281CE527002DE22C /* Info.plist */ = {isa = PBXFileReference; lastKnownFileType = text.plist.xml; path = Info.plist; sourceTree = "<group>"; };
		EF1F8C6C281CE527002DE22C /* MarvelExplorerTests.xctest */ = {isa = PBXFileReference; explicitFileType = wrapper.cfbundle; includeInIndex = 0; path = MarvelExplorerTests.xctest; sourceTree = BUILT_PRODUCTS_DIR; };
		EF1F8C70281CE527002DE22C /* MarvelExplorerTests.swift */ = {isa = PBXFileReference; lastKnownFileType = sourcecode.swift; path = MarvelExplorerTests.swift; sourceTree = "<group>"; };
		EF1F8C76281CE527002DE22C /* MarvelExplorerUITests.xctest */ = {isa = PBXFileReference; explicitFileType = wrapper.cfbundle; includeInIndex = 0; path = MarvelExplorerUITests.xctest; sourceTree = BUILT_PRODUCTS_DIR; };
		EF1F8C7A281CE527002DE22C /* MarvelExplorerUITests.swift */ = {isa = PBXFileReference; lastKnownFileType = sourcecode.swift; path = MarvelExplorerUITests.swift; sourceTree = "<group>"; };
		EF1F8C7C281CE527002DE22C /* MarvelExplorerUITestsLaunchTests.swift */ = {isa = PBXFileReference; lastKnownFileType = sourcecode.swift; path = MarvelExplorerUITestsLaunchTests.swift; sourceTree = "<group>"; };
		EF1F8C8A281CE5E5002DE22C /* ImageCache.swift */ = {isa = PBXFileReference; fileEncoding = 4; lastKnownFileType = sourcecode.swift; path = ImageCache.swift; sourceTree = "<group>"; };
		EF1F8C8B281CE5E6002DE22C /* ImageLoaderService.swift */ = {isa = PBXFileReference; fileEncoding = 4; lastKnownFileType = sourcecode.swift; path = ImageLoaderService.swift; sourceTree = "<group>"; };
		EF1F8C90281CE6A4002DE22C /* AutoMockable.swift */ = {isa = PBXFileReference; lastKnownFileType = sourcecode.swift; name = AutoMockable.swift; path = ../../../../Documents/AutoMockable.swift; sourceTree = "<group>"; };
		EF1F8C94281CE773002DE22C /* Publisher+ConvenienceMethods.swift */ = {isa = PBXFileReference; fileEncoding = 4; lastKnownFileType = sourcecode.swift; path = "Publisher+ConvenienceMethods.swift"; sourceTree = "<group>"; };
		EF1F8C97281CE8D1002DE22C /* NetworkServiceType.swift */ = {isa = PBXFileReference; fileEncoding = 4; lastKnownFileType = sourcecode.swift; path = NetworkServiceType.swift; sourceTree = "<group>"; };
		EF1F8C98281CE8D1002DE22C /* NetworkService.swift */ = {isa = PBXFileReference; fileEncoding = 4; lastKnownFileType = sourcecode.swift; path = NetworkService.swift; sourceTree = "<group>"; };
		EF1F8C99281CE8D1002DE22C /* Resource.swift */ = {isa = PBXFileReference; fileEncoding = 4; lastKnownFileType = sourcecode.swift; path = Resource.swift; sourceTree = "<group>"; };
		EF1F8C9D281CE964002DE22C /* ServiceProvider.swift */ = {isa = PBXFileReference; fileEncoding = 4; lastKnownFileType = sourcecode.swift; path = ServiceProvider.swift; sourceTree = "<group>"; };
		EF1F8CA0281CE9C3002DE22C /* MarvelConstants.swift */ = {isa = PBXFileReference; fileEncoding = 4; lastKnownFileType = sourcecode.swift; path = MarvelConstants.swift; sourceTree = "<group>"; };
		EF1F8CA3281CEB54002DE22C /* FlowCoordinator.swift */ = {isa = PBXFileReference; fileEncoding = 4; lastKnownFileType = sourcecode.swift; path = FlowCoordinator.swift; sourceTree = "<group>"; };
		EF1F8CA5281CED73002DE22C /* AppFlowCoordinator.swift */ = {isa = PBXFileReference; lastKnownFileType = sourcecode.swift; path = AppFlowCoordinator.swift; sourceTree = "<group>"; };
		EF1F8CA7281CED8F002DE22C /* ApplicationFlowCoordinatorDependencyProvider.swift */ = {isa = PBXFileReference; lastKnownFileType = sourcecode.swift; path = ApplicationFlowCoordinatorDependencyProvider.swift; sourceTree = "<group>"; };
		EF1F8CAB281CEE53002DE22C /* ReposListNavigator.swift */ = {isa = PBXFileReference; fileEncoding = 4; lastKnownFileType = sourcecode.swift; path = ReposListNavigator.swift; sourceTree = "<group>"; };
		EF1F8CAE281CEE98002DE22C /* Series.swift */ = {isa = PBXFileReference; lastKnownFileType = sourcecode.swift; path = Series.swift; sourceTree = "<group>"; };
		EF1F8CB2281CF03B002DE22C /* ApplicationComponentsFactory.swift */ = {isa = PBXFileReference; lastKnownFileType = sourcecode.swift; path = ApplicationComponentsFactory.swift; sourceTree = "<group>"; };
		EF1F8CB7281CF1E7002DE22C /* SeriesListFlowCoordinator.swift */ = {isa = PBXFileReference; lastKnownFileType = sourcecode.swift; path = SeriesListFlowCoordinator.swift; sourceTree = "<group>"; };
		EF1F8CB9281CF6E4002DE22C /* Thumbnail.swift */ = {isa = PBXFileReference; lastKnownFileType = sourcecode.swift; path = Thumbnail.swift; sourceTree = "<group>"; };
		EF1F8CBE281CF97A002DE22C /* MarvelSeriesRepository.swift */ = {isa = PBXFileReference; lastKnownFileType = sourcecode.swift; path = MarvelSeriesRepository.swift; sourceTree = "<group>"; };
		EF1F8CC0281D03B3002DE22C /* PosterImageRepository.swift */ = {isa = PBXFileReference; lastKnownFileType = sourcecode.swift; path = PosterImageRepository.swift; sourceTree = "<group>"; };
		EF1F8CC4281D047D002DE22C /* DefaultSeriesRepository.swift */ = {isa = PBXFileReference; lastKnownFileType = sourcecode.swift; path = DefaultSeriesRepository.swift; sourceTree = "<group>"; };
		EF1F8CC6281D05B9002DE22C /* Resource+MarvelSeries.swift */ = {isa = PBXFileReference; lastKnownFileType = sourcecode.swift; path = "Resource+MarvelSeries.swift"; sourceTree = "<group>"; };
		EF1F8CCA281D0608002DE22C /* SeriesDTO.swift */ = {isa = PBXFileReference; lastKnownFileType = sourcecode.swift; path = SeriesDTO.swift; sourceTree = "<group>"; };
		EF1F8CCC281D0E7B002DE22C /* String+md5.swift */ = {isa = PBXFileReference; lastKnownFileType = sourcecode.swift; path = "String+md5.swift"; sourceTree = "<group>"; };
		EF1F8CCF281D10FB002DE22C /* Resource+MarvelParameters.swift */ = {isa = PBXFileReference; lastKnownFileType = sourcecode.swift; path = "Resource+MarvelParameters.swift"; sourceTree = "<group>"; };
		EF1F8CD1281D1279002DE22C /* MarvelResponse.swift */ = {isa = PBXFileReference; lastKnownFileType = sourcecode.swift; path = MarvelResponse.swift; sourceTree = "<group>"; };
		EF1F8CD4281D12EF002DE22C /* MarvelPaginator.swift */ = {isa = PBXFileReference; lastKnownFileType = sourcecode.swift; path = MarvelPaginator.swift; sourceTree = "<group>"; };
		EF1F8CD6281D1407002DE22C /* ThumbnailDTO.swift */ = {isa = PBXFileReference; lastKnownFileType = sourcecode.swift; path = ThumbnailDTO.swift; sourceTree = "<group>"; };
		EF1F8CD9281D190A002DE22C /* FetchSeriesUseCase.swift */ = {isa = PBXFileReference; lastKnownFileType = sourcecode.swift; path = FetchSeriesUseCase.swift; sourceTree = "<group>"; };
		EF1F8CDB281D1B2D002DE22C /* Scheduler.swift */ = {isa = PBXFileReference; fileEncoding = 4; lastKnownFileType = sourcecode.swift; path = Scheduler.swift; sourceTree = "<group>"; };
		EF1F8CDF281D1BFF002DE22C /* SeriesListViewController.swift */ = {isa = PBXFileReference; lastKnownFileType = sourcecode.swift; path = SeriesListViewController.swift; sourceTree = "<group>"; };
		EF1F8CE3281D1CB7002DE22C /* SeriesListViewModelType.swift */ = {isa = PBXFileReference; lastKnownFileType = sourcecode.swift; path = SeriesListViewModelType.swift; sourceTree = "<group>"; };
		EF1F8CE5281D1D24002DE22C /* SeriesListItemViewModel.swift */ = {isa = PBXFileReference; lastKnownFileType = sourcecode.swift; path = SeriesListItemViewModel.swift; sourceTree = "<group>"; };
		EF1F8CE7281D1E80002DE22C /* SeriesListViewModel.swift */ = {isa = PBXFileReference; lastKnownFileType = sourcecode.swift; path = SeriesListViewModel.swift; sourceTree = "<group>"; };
		EF1F8CE9281D1FF2002DE22C /* Publisher+flatMapLatest.swift */ = {isa = PBXFileReference; fileEncoding = 4; lastKnownFileType = sourcecode.swift; path = "Publisher+flatMapLatest.swift"; sourceTree = "<group>"; };
		EF1F8CEC281D2AEE002DE22C /* SeriesListView.swift */ = {isa = PBXFileReference; lastKnownFileType = sourcecode.swift; path = SeriesListView.swift; sourceTree = "<group>"; };
		EF1F8CEE281D2B3E002DE22C /* SeriesCollectionViewCell.swift */ = {isa = PBXFileReference; lastKnownFileType = sourcecode.swift; path = SeriesCollectionViewCell.swift; sourceTree = "<group>"; };
		EF1F8CF0281D2B7D002DE22C /* SeriesCellView.swift */ = {isa = PBXFileReference; lastKnownFileType = sourcecode.swift; path = SeriesCellView.swift; sourceTree = "<group>"; };
		EF1F8CF2281D38FD002DE22C /* DefaultMarvelSeriesCoverRepository.swift */ = {isa = PBXFileReference; lastKnownFileType = sourcecode.swift; path = DefaultMarvelSeriesCoverRepository.swift; sourceTree = "<group>"; };
		EF1F8CF4281D3C0A002DE22C /* LoadCoverUseCase.swift */ = {isa = PBXFileReference; lastKnownFileType = sourcecode.swift; path = LoadCoverUseCase.swift; sourceTree = "<group>"; };
		EF1F8CF6281DAE04002DE22C /* URL+HTTPS.swift */ = {isa = PBXFileReference; lastKnownFileType = sourcecode.swift; path = "URL+HTTPS.swift"; sourceTree = "<group>"; };
		EF1F8CF8281DB500002DE22C /* SeriesListCollectionViewDelegate.swift */ = {isa = PBXFileReference; lastKnownFileType = sourcecode.swift; path = SeriesListCollectionViewDelegate.swift; sourceTree = "<group>"; };
		EF1F8CFA281DB6BF002DE22C /* Haptics.swift */ = {isa = PBXFileReference; lastKnownFileType = sourcecode.swift; path = Haptics.swift; sourceTree = "<group>"; };
		EF1F8CFE281E067A002DE22C /* AccessibilityIdentifiers.swift */ = {isa = PBXFileReference; fileEncoding = 4; lastKnownFileType = sourcecode.swift; path = AccessibilityIdentifiers.swift; sourceTree = "<group>"; };
		EF1F8D01281E0DB9002DE22C /* ApplicationFlowCoordinatorTests.swift */ = {isa = PBXFileReference; lastKnownFileType = sourcecode.swift; path = ApplicationFlowCoordinatorTests.swift; sourceTree = "<group>"; };
		EF1F8D04281E0F4B002DE22C /* ApplicationFlowCoordinatorMock.swift */ = {isa = PBXFileReference; lastKnownFileType = sourcecode.swift; path = ApplicationFlowCoordinatorMock.swift; sourceTree = "<group>"; };
		EF1F8D06281E145F002DE22C /* URLProtocolMock.swift */ = {isa = PBXFileReference; lastKnownFileType = sourcecode.swift; path = URLProtocolMock.swift; sourceTree = "<group>"; };
		EF1F8D08281E14E7002DE22C /* NetworkServiceMock.swift */ = {isa = PBXFileReference; lastKnownFileType = sourcecode.swift; path = NetworkServiceMock.swift; sourceTree = "<group>"; };
		EF1F8D0A281E15AF002DE22C /* NetworkServiceTests.swift */ = {isa = PBXFileReference; lastKnownFileType = sourcecode.swift; path = NetworkServiceTests.swift; sourceTree = "<group>"; };
		EF2ADB83281E17B600D42C97 /* SeriesResponse.json */ = {isa = PBXFileReference; lastKnownFileType = text.json; path = SeriesResponse.json; sourceTree = "<group>"; };
		EF92610B281E4AD5001BBFF4 /* FilteredSeries.json */ = {isa = PBXFileReference; lastKnownFileType = text.json; path = FilteredSeries.json; sourceTree = "<group>"; };
		EF926111281E5AF2001BBFF4 /* SeriesListViewModelTests.swift */ = {isa = PBXFileReference; lastKnownFileType = sourcecode.swift; path = SeriesListViewModelTests.swift; sourceTree = "<group>"; };
		EF926114281E5B4B001BBFF4 /* SeriesListNavigatorMock.swift */ = {isa = PBXFileReference; lastKnownFileType = sourcecode.swift; path = SeriesListNavigatorMock.swift; sourceTree = "<group>"; };
		EF926116281E5D14001BBFF4 /* LoadSeriesCoverUseCaseMock.swift */ = {isa = PBXFileReference; lastKnownFileType = sourcecode.swift; path = LoadSeriesCoverUseCaseMock.swift; sourceTree = "<group>"; };
		EFB055B6281E2D4E00608B9D /* MarvelSeriesRepositoryMock.swift */ = {isa = PBXFileReference; lastKnownFileType = sourcecode.swift; path = MarvelSeriesRepositoryMock.swift; sourceTree = "<group>"; };
		EFB055B8281E2F3D00608B9D /* MarvelSeriesRepositoryTests.swift */ = {isa = PBXFileReference; lastKnownFileType = sourcecode.swift; path = MarvelSeriesRepositoryTests.swift; sourceTree = "<group>"; };
		EFB055BE281E31A200608B9D /* Decodable+loadFromFile.swift */ = {isa = PBXFileReference; lastKnownFileType = sourcecode.swift; path = "Decodable+loadFromFile.swift"; sourceTree = "<group>"; };
		EFB055C0281E352200608B9D /* ImageLoaderMock.swift */ = {isa = PBXFileReference; lastKnownFileType = sourcecode.swift; path = ImageLoaderMock.swift; sourceTree = "<group>"; };
		EFB055C3281E368B00608B9D /* MarvelSeriesCoverRepositoryTests.swift */ = {isa = PBXFileReference; lastKnownFileType = sourcecode.swift; path = MarvelSeriesCoverRepositoryTests.swift; sourceTree = "<group>"; };
		EFB055C6281E36BE00608B9D /* SeriesCoverRepositoryTypeMock.swift */ = {isa = PBXFileReference; lastKnownFileType = sourcecode.swift; path = SeriesCoverRepositoryTypeMock.swift; sourceTree = "<group>"; };
		EFB055CA281E3E0300608B9D /* FetchMarvelSeriesUseCaseTypeMock.swift */ = {isa = PBXFileReference; lastKnownFileType = sourcecode.swift; path = FetchMarvelSeriesUseCaseTypeMock.swift; sourceTree = "<group>"; };
		EFB055CD281E40CA00608B9D /* FetchMarvelSeriesUseCaseTests.swift */ = {isa = PBXFileReference; lastKnownFileType = sourcecode.swift; path = FetchMarvelSeriesUseCaseTests.swift; sourceTree = "<group>"; };
		FED4EFA89B6C5DC4DF954497 /* Pods-MarvelExplorerTests.debug.xcconfig */ = {isa = PBXFileReference; includeInIndex = 1; lastKnownFileType = text.xcconfig; name = "Pods-MarvelExplorerTests.debug.xcconfig"; path = "Target Support Files/Pods-MarvelExplorerTests/Pods-MarvelExplorerTests.debug.xcconfig"; sourceTree = "<group>"; };
/* End PBXFileReference section */

/* Begin PBXFrameworksBuildPhase section */
		EF1F8C53281CE525002DE22C /* Frameworks */ = {
			isa = PBXFrameworksBuildPhase;
			buildActionMask = 2147483647;
			files = (
				FFD72C581ACA5D5252D93DD3 /* Pods_MarvelExplorer.framework in Frameworks */,
			);
			runOnlyForDeploymentPostprocessing = 0;
		};
		EF1F8C69281CE527002DE22C /* Frameworks */ = {
			isa = PBXFrameworksBuildPhase;
			buildActionMask = 2147483647;
			files = (
				4A19A908FCA5D336250DD351 /* Pods_MarvelExplorerTests.framework in Frameworks */,
			);
			runOnlyForDeploymentPostprocessing = 0;
		};
		EF1F8C73281CE527002DE22C /* Frameworks */ = {
			isa = PBXFrameworksBuildPhase;
			buildActionMask = 2147483647;
			files = (
				A0E7F19999F376D8E654D836 /* Pods_MarvelExplorer_MarvelExplorerUITests.framework in Frameworks */,
			);
			runOnlyForDeploymentPostprocessing = 0;
		};
/* End PBXFrameworksBuildPhase section */

/* Begin PBXGroup section */
		999099CDB32F04802FBC4EB1 /* Pods */ = {
			isa = PBXGroup;
			children = (
				7D963D98C93441A5A44E4B20 /* Pods-MarvelExplorer.debug.xcconfig */,
				1900B5C7B8800C747726612E /* Pods-MarvelExplorer.release.xcconfig */,
				06B9B3D4F555D1A63DE4315F /* Pods-MarvelExplorer-MarvelExplorerUITests.debug.xcconfig */,
				056719C63820D3E16D558026 /* Pods-MarvelExplorer-MarvelExplorerUITests.release.xcconfig */,
				FED4EFA89B6C5DC4DF954497 /* Pods-MarvelExplorerTests.debug.xcconfig */,
				07B149FE83C4315E6A0F5E84 /* Pods-MarvelExplorerTests.release.xcconfig */,
			);
			path = Pods;
			sourceTree = "<group>";
		};
		EF1F8C4D281CE525002DE22C = {
			isa = PBXGroup;
			children = (
				EF1F8C58281CE525002DE22C /* MarvelExplorer */,
				EF1F8C6F281CE527002DE22C /* MarvelExplorerTests */,
				EF1F8C79281CE527002DE22C /* MarvelExplorerUITests */,
				EF1F8C57281CE525002DE22C /* Products */,
				999099CDB32F04802FBC4EB1 /* Pods */,
				FCCA23630C8D2DD5846E1BB7 /* Frameworks */,
			);
			sourceTree = "<group>";
		};
		EF1F8C57281CE525002DE22C /* Products */ = {
			isa = PBXGroup;
			children = (
				EF1F8C56281CE525002DE22C /* MarvelExplorer.app */,
				EF1F8C6C281CE527002DE22C /* MarvelExplorerTests.xctest */,
				EF1F8C76281CE527002DE22C /* MarvelExplorerUITests.xctest */,
			);
			name = Products;
			sourceTree = "<group>";
		};
		EF1F8C58281CE525002DE22C /* MarvelExplorer */ = {
			isa = PBXGroup;
			children = (
				EF1F8CC2281D03FB002DE22C /* Data */,
				EF1F8CAD281CEE90002DE22C /* Domain */,
				EF1F8CA9281CEE41002DE22C /* Presentation */,
				EF1F8CA2281CEB45002DE22C /* Application */,
				EF1F8C8F281CE679002DE22C /* Commons */,
				EF1F8C89281CE5B9002DE22C /* Infrastructure */,
				EF1F8C59281CE525002DE22C /* AppDelegate.swift */,
				EF1F8C5D281CE525002DE22C /* ViewController.swift */,
				EF1F8C62281CE527002DE22C /* Assets.xcassets */,
				EF1F8C64281CE527002DE22C /* LaunchScreen.storyboard */,
				EF1F8C67281CE527002DE22C /* Info.plist */,
			);
			path = MarvelExplorer;
			sourceTree = "<group>";
		};
		EF1F8C6F281CE527002DE22C /* MarvelExplorerTests */ = {
			isa = PBXGroup;
			children = (
				EFB055BC281E319400608B9D /* Utils */,
				EF1F8D0C281E1737002DE22C /* Responses */,
				EF1F8D03281E0F3C002DE22C /* Mocks */,
				EF1F8D00281E0DA1002DE22C /* UnitTests */,
				EF1F8C70281CE527002DE22C /* MarvelExplorerTests.swift */,
			);
			path = MarvelExplorerTests;
			sourceTree = "<group>";
		};
		EF1F8C79281CE527002DE22C /* MarvelExplorerUITests */ = {
			isa = PBXGroup;
			children = (
				EF1F8C7A281CE527002DE22C /* MarvelExplorerUITests.swift */,
				EF1F8C7C281CE527002DE22C /* MarvelExplorerUITestsLaunchTests.swift */,
			);
			path = MarvelExplorerUITests;
			sourceTree = "<group>";
		};
		EF1F8C89281CE5B9002DE22C /* Infrastructure */ = {
			isa = PBXGroup;
			children = (
				EF1F8C9D281CE964002DE22C /* ServiceProvider.swift */,
				EF1F8C96281CE8D1002DE22C /* NetworkService */,
				EF1F8C8E281CE624002DE22C /* ImageLoaderService */,
			);
			path = Infrastructure;
			sourceTree = "<group>";
		};
		EF1F8C8E281CE624002DE22C /* ImageLoaderService */ = {
			isa = PBXGroup;
			children = (
				EF1F8C8A281CE5E5002DE22C /* ImageCache.swift */,
				EF1F8C8B281CE5E6002DE22C /* ImageLoaderService.swift */,
			);
			path = ImageLoaderService;
			sourceTree = "<group>";
		};
		EF1F8C8F281CE679002DE22C /* Commons */ = {
			isa = PBXGroup;
			children = (
				EF1F8CFE281E067A002DE22C /* AccessibilityIdentifiers.swift */,
				EF1F8CDB281D1B2D002DE22C /* Scheduler.swift */,
				EF1F8CA0281CE9C3002DE22C /* MarvelConstants.swift */,
				EF1F8C90281CE6A4002DE22C /* AutoMockable.swift */,
				EF1F8CCE281D0E7C002DE22C /* Extentions */,
			);
			path = Commons;
			sourceTree = "<group>";
		};
		EF1F8C96281CE8D1002DE22C /* NetworkService */ = {
			isa = PBXGroup;
			children = (
				EF1F8C97281CE8D1002DE22C /* NetworkServiceType.swift */,
				EF1F8C98281CE8D1002DE22C /* NetworkService.swift */,
				EF1F8C99281CE8D1002DE22C /* Resource.swift */,
			);
			path = NetworkService;
			sourceTree = "<group>";
		};
		EF1F8CA2281CEB45002DE22C /* Application */ = {
			isa = PBXGroup;
			children = (
				EF1F8CB1281CF02D002DE22C /* ComponentsFactory */,
				EF1F8CB0281CF00C002DE22C /* FlowCoordinator */,
			);
			path = Application;
			sourceTree = "<group>";
		};
		EF1F8CA9281CEE41002DE22C /* Presentation */ = {
			isa = PBXGroup;
			children = (
				EF1F8CB5281CF1AD002DE22C /* SeriesScene */,
			);
			path = Presentation;
			sourceTree = "<group>";
		};
		EF1F8CAA281CEE53002DE22C /* Navigator */ = {
			isa = PBXGroup;
			children = (
				EF1F8CAB281CEE53002DE22C /* ReposListNavigator.swift */,
			);
			path = Navigator;
			sourceTree = "<group>";
		};
		EF1F8CAD281CEE90002DE22C /* Domain */ = {
			isa = PBXGroup;
			children = (
				EF1F8CBC281CF95F002DE22C /* UseCases */,
				EF1F8CBB281CF94D002DE22C /* Entities */,
			);
			path = Domain;
			sourceTree = "<group>";
		};
		EF1F8CB0281CF00C002DE22C /* FlowCoordinator */ = {
			isa = PBXGroup;
			children = (
				EF1F8CA3281CEB54002DE22C /* FlowCoordinator.swift */,
				EF1F8CA5281CED73002DE22C /* AppFlowCoordinator.swift */,
				EF1F8CA7281CED8F002DE22C /* ApplicationFlowCoordinatorDependencyProvider.swift */,
			);
			path = FlowCoordinator;
			sourceTree = "<group>";
		};
		EF1F8CB1281CF02D002DE22C /* ComponentsFactory */ = {
			isa = PBXGroup;
			children = (
				EF1F8CB2281CF03B002DE22C /* ApplicationComponentsFactory.swift */,
			);
			path = ComponentsFactory;
			sourceTree = "<group>";
		};
		EF1F8CB5281CF1AD002DE22C /* SeriesScene */ = {
			isa = PBXGroup;
			children = (
				EF1F8CE1281D1C15002DE22C /* SeriesList */,
				EF1F8CB6281CF1BB002DE22C /* Flows */,
				EF1F8CAA281CEE53002DE22C /* Navigator */,
			);
			path = SeriesScene;
			sourceTree = "<group>";
		};
		EF1F8CB6281CF1BB002DE22C /* Flows */ = {
			isa = PBXGroup;
			children = (
				EF1F8CB7281CF1E7002DE22C /* SeriesListFlowCoordinator.swift */,
			);
			path = Flows;
			sourceTree = "<group>";
		};
		EF1F8CBB281CF94D002DE22C /* Entities */ = {
			isa = PBXGroup;
			children = (
				EF1F8CAE281CEE98002DE22C /* Series.swift */,
				EF1F8CB9281CF6E4002DE22C /* Thumbnail.swift */,
			);
			path = Entities;
			sourceTree = "<group>";
		};
		EF1F8CBC281CF95F002DE22C /* UseCases */ = {
			isa = PBXGroup;
			children = (
				EF1F8CBD281CF96B002DE22C /* Interfaces */,
				EF1F8CD9281D190A002DE22C /* FetchSeriesUseCase.swift */,
				EF1F8CF4281D3C0A002DE22C /* LoadCoverUseCase.swift */,
			);
			path = UseCases;
			sourceTree = "<group>";
		};
		EF1F8CBD281CF96B002DE22C /* Interfaces */ = {
			isa = PBXGroup;
			children = (
				EF1F8CD8281D18D4002DE22C /* Repositories */,
			);
			path = Interfaces;
			sourceTree = "<group>";
		};
		EF1F8CC2281D03FB002DE22C /* Data */ = {
			isa = PBXGroup;
			children = (
				EF1F8CC3281D03FC002DE22C /* Repositories */,
				EF1F8CC8281D05BB002DE22C /* Network */,
			);
			path = Data;
			sourceTree = "<group>";
		};
		EF1F8CC3281D03FC002DE22C /* Repositories */ = {
			isa = PBXGroup;
			children = (
				EF1F8CC4281D047D002DE22C /* DefaultSeriesRepository.swift */,
				EF1F8CF2281D38FD002DE22C /* DefaultMarvelSeriesCoverRepository.swift */,
			);
			path = Repositories;
			sourceTree = "<group>";
		};
		EF1F8CC8281D05BB002DE22C /* Network */ = {
			isa = PBXGroup;
			children = (
				EF1F8CC9281D05F7002DE22C /* DataMapping */,
				EF1F8CC6281D05B9002DE22C /* Resource+MarvelSeries.swift */,
				EF1F8CCF281D10FB002DE22C /* Resource+MarvelParameters.swift */,
				EF1F8CD3281D127D002DE22C /* Marvel */,
			);
			path = Network;
			sourceTree = "<group>";
		};
		EF1F8CC9281D05F7002DE22C /* DataMapping */ = {
			isa = PBXGroup;
			children = (
				EF1F8CCA281D0608002DE22C /* SeriesDTO.swift */,
				EF1F8CD6281D1407002DE22C /* ThumbnailDTO.swift */,
			);
			path = DataMapping;
			sourceTree = "<group>";
		};
		EF1F8CCE281D0E7C002DE22C /* Extentions */ = {
			isa = PBXGroup;
			children = (
				EF1F8CEB281D1FF6002DE22C /* Combine */,
				EF1F8CCC281D0E7B002DE22C /* String+md5.swift */,
				EF1F8CF6281DAE04002DE22C /* URL+HTTPS.swift */,
				EF1F8CFA281DB6BF002DE22C /* Haptics.swift */,
			);
			path = Extentions;
			sourceTree = "<group>";
		};
		EF1F8CD3281D127D002DE22C /* Marvel */ = {
			isa = PBXGroup;
			children = (
				EF1F8CD1281D1279002DE22C /* MarvelResponse.swift */,
				EF1F8CD4281D12EF002DE22C /* MarvelPaginator.swift */,
			);
			path = Marvel;
			sourceTree = "<group>";
		};
		EF1F8CD8281D18D4002DE22C /* Repositories */ = {
			isa = PBXGroup;
			children = (
				EF1F8CBE281CF97A002DE22C /* MarvelSeriesRepository.swift */,
				EF1F8CC0281D03B3002DE22C /* PosterImageRepository.swift */,
			);
			path = Repositories;
			sourceTree = "<group>";
		};
		EF1F8CDE281D1BEE002DE22C /* View */ = {
			isa = PBXGroup;
			children = (
				EF1F8CDF281D1BFF002DE22C /* SeriesListViewController.swift */,
				EF1F8CF8281DB500002DE22C /* SeriesListCollectionViewDelegate.swift */,
				EF1F8CEC281D2AEE002DE22C /* SeriesListView.swift */,
				EF1F8CEE281D2B3E002DE22C /* SeriesCollectionViewCell.swift */,
				EF1F8CF0281D2B7D002DE22C /* SeriesCellView.swift */,
			);
			path = View;
			sourceTree = "<group>";
		};
		EF1F8CE1281D1C15002DE22C /* SeriesList */ = {
			isa = PBXGroup;
			children = (
				EF1F8CE2281D1C1D002DE22C /* ViewModel */,
				EF1F8CDE281D1BEE002DE22C /* View */,
			);
			path = SeriesList;
			sourceTree = "<group>";
		};
		EF1F8CE2281D1C1D002DE22C /* ViewModel */ = {
			isa = PBXGroup;
			children = (
				EF1F8CE3281D1CB7002DE22C /* SeriesListViewModelType.swift */,
				EF1F8CE7281D1E80002DE22C /* SeriesListViewModel.swift */,
				EF1F8CE5281D1D24002DE22C /* SeriesListItemViewModel.swift */,
			);
			path = ViewModel;
			sourceTree = "<group>";
		};
		EF1F8CEB281D1FF6002DE22C /* Combine */ = {
			isa = PBXGroup;
			children = (
				EF1F8CE9281D1FF2002DE22C /* Publisher+flatMapLatest.swift */,
				EF1F8C94281CE773002DE22C /* Publisher+ConvenienceMethods.swift */,
			);
			path = Combine;
			sourceTree = "<group>";
		};
		EF1F8D00281E0DA1002DE22C /* UnitTests */ = {
			isa = PBXGroup;
			children = (
				EF926110281E5ADE001BBFF4 /* ViewModelsTests */,
				EFB055C8281E3DA700608B9D /* UseCaseTests */,
				EFB055C2281E367F00608B9D /* RepositoriesTests */,
				EF92610D281E5A79001BBFF4 /* ApplicationTests */,
				EF92610E281E5A86001BBFF4 /* NetworkTests */,
			);
			path = UnitTests;
			sourceTree = "<group>";
		};
		EF1F8D03281E0F3C002DE22C /* Mocks */ = {
			isa = PBXGroup;
			children = (
				EF926113281E5B32001BBFF4 /* Navigator Mocks */,
				EFB055C9281E3DE600608B9D /* UseCase Mocks */,
				EF1F8D04281E0F4B002DE22C /* ApplicationFlowCoordinatorMock.swift */,
				EF1F8D06281E145F002DE22C /* URLProtocolMock.swift */,
				EFB055CC281E40A200608B9D /* Services Mock */,
				EFB055C5281E36AD00608B9D /* Repositories Mocks */,
			);
			path = Mocks;
			sourceTree = "<group>";
		};
		EF1F8D0C281E1737002DE22C /* Responses */ = {
			isa = PBXGroup;
			children = (
				EF2ADB83281E17B600D42C97 /* SeriesResponse.json */,
				EF92610B281E4AD5001BBFF4 /* FilteredSeries.json */,
			);
			path = Responses;
			sourceTree = "<group>";
		};
		EF92610D281E5A79001BBFF4 /* ApplicationTests */ = {
			isa = PBXGroup;
			children = (
				EF1F8D01281E0DB9002DE22C /* ApplicationFlowCoordinatorTests.swift */,
			);
			path = ApplicationTests;
			sourceTree = "<group>";
		};
		EF92610E281E5A86001BBFF4 /* NetworkTests */ = {
			isa = PBXGroup;
			children = (
				EF1F8D0A281E15AF002DE22C /* NetworkServiceTests.swift */,
			);
			path = NetworkTests;
			sourceTree = "<group>";
		};
		EF926110281E5ADE001BBFF4 /* ViewModelsTests */ = {
			isa = PBXGroup;
			children = (
				EF926111281E5AF2001BBFF4 /* SeriesListViewModelTests.swift */,
			);
			path = ViewModelsTests;
			sourceTree = "<group>";
		};
		EF926113281E5B32001BBFF4 /* Navigator Mocks */ = {
			isa = PBXGroup;
			children = (
				EF926114281E5B4B001BBFF4 /* SeriesListNavigatorMock.swift */,
			);
			path = "Navigator Mocks";
			sourceTree = "<group>";
		};
		EFB055BC281E319400608B9D /* Utils */ = {
			isa = PBXGroup;
			children = (
				EFB055BD281E319600608B9D /* Extentions */,
			);
			path = Utils;
			sourceTree = "<group>";
		};
		EFB055BD281E319600608B9D /* Extentions */ = {
			isa = PBXGroup;
			children = (
				EFB055BE281E31A200608B9D /* Decodable+loadFromFile.swift */,
			);
			path = Extentions;
			sourceTree = "<group>";
		};
		EFB055C2281E367F00608B9D /* RepositoriesTests */ = {
			isa = PBXGroup;
			children = (
				EFB055B8281E2F3D00608B9D /* MarvelSeriesRepositoryTests.swift */,
				EFB055C3281E368B00608B9D /* MarvelSeriesCoverRepositoryTests.swift */,
			);
			path = RepositoriesTests;
			sourceTree = "<group>";
		};
		EFB055C5281E36AD00608B9D /* Repositories Mocks */ = {
			isa = PBXGroup;
			children = (
				EFB055B6281E2D4E00608B9D /* MarvelSeriesRepositoryMock.swift */,
				EFB055C6281E36BE00608B9D /* SeriesCoverRepositoryTypeMock.swift */,
			);
			path = "Repositories Mocks";
			sourceTree = "<group>";
		};
		EFB055C8281E3DA700608B9D /* UseCaseTests */ = {
			isa = PBXGroup;
			children = (
				EFB055CD281E40CA00608B9D /* FetchMarvelSeriesUseCaseTests.swift */,
			);
			path = UseCaseTests;
			sourceTree = "<group>";
		};
		EFB055C9281E3DE600608B9D /* UseCase Mocks */ = {
			isa = PBXGroup;
			children = (
				EF926116281E5D14001BBFF4 /* LoadSeriesCoverUseCaseMock.swift */,
				EFB055CA281E3E0300608B9D /* FetchMarvelSeriesUseCaseTypeMock.swift */,
			);
			path = "UseCase Mocks";
			sourceTree = "<group>";
		};
		EFB055CC281E40A200608B9D /* Services Mock */ = {
			isa = PBXGroup;
			children = (
				EFB055C0281E352200608B9D /* ImageLoaderMock.swift */,
				EF1F8D08281E14E7002DE22C /* NetworkServiceMock.swift */,
			);
			path = "Services Mock";
			sourceTree = "<group>";
		};
		FCCA23630C8D2DD5846E1BB7 /* Frameworks */ = {
			isa = PBXGroup;
			children = (
				5E2A39FF95B359D5950657FB /* Pods_MarvelExplorer.framework */,
				79B318EB83997BB77225DA07 /* Pods_MarvelExplorer_MarvelExplorerUITests.framework */,
				E4DEDA3B69F105C0720D0CEF /* Pods_MarvelExplorerTests.framework */,
			);
			name = Frameworks;
			sourceTree = "<group>";
		};
/* End PBXGroup section */

/* Begin PBXNativeTarget section */
		EF1F8C55281CE525002DE22C /* MarvelExplorer */ = {
			isa = PBXNativeTarget;
			buildConfigurationList = EF1F8C80281CE527002DE22C /* Build configuration list for PBXNativeTarget "MarvelExplorer" */;
			buildPhases = (
				37BE81F1D48505161BB4B014 /* [CP] Check Pods Manifest.lock */,
				EF1F8C52281CE525002DE22C /* Sources */,
				EF1F8C53281CE525002DE22C /* Frameworks */,
				EF1F8C54281CE525002DE22C /* Resources */,
				AC26D8F54DF1AB4FE8D4A2DD /* [CP] Embed Pods Frameworks */,
			);
			buildRules = (
			);
			dependencies = (
			);
			name = MarvelExplorer;
			productName = MarvelExplorer;
			productReference = EF1F8C56281CE525002DE22C /* MarvelExplorer.app */;
			productType = "com.apple.product-type.application";
		};
		EF1F8C6B281CE527002DE22C /* MarvelExplorerTests */ = {
			isa = PBXNativeTarget;
			buildConfigurationList = EF1F8C83281CE527002DE22C /* Build configuration list for PBXNativeTarget "MarvelExplorerTests" */;
			buildPhases = (
				61304B96F4F8A9516447E472 /* [CP] Check Pods Manifest.lock */,
				EF1F8C68281CE527002DE22C /* Sources */,
				EF1F8C69281CE527002DE22C /* Frameworks */,
				EF1F8C6A281CE527002DE22C /* Resources */,
			);
			buildRules = (
			);
			dependencies = (
				EF1F8C6E281CE527002DE22C /* PBXTargetDependency */,
			);
			name = MarvelExplorerTests;
			productName = MarvelExplorerTests;
			productReference = EF1F8C6C281CE527002DE22C /* MarvelExplorerTests.xctest */;
			productType = "com.apple.product-type.bundle.unit-test";
		};
		EF1F8C75281CE527002DE22C /* MarvelExplorerUITests */ = {
			isa = PBXNativeTarget;
			buildConfigurationList = EF1F8C86281CE527002DE22C /* Build configuration list for PBXNativeTarget "MarvelExplorerUITests" */;
			buildPhases = (
				A3CC463F7EDB3D1AEE474C2E /* [CP] Check Pods Manifest.lock */,
				EF1F8C72281CE527002DE22C /* Sources */,
				EF1F8C73281CE527002DE22C /* Frameworks */,
				EF1F8C74281CE527002DE22C /* Resources */,
				6EDF4FE5557C4DD102CD6356 /* [CP] Embed Pods Frameworks */,
			);
			buildRules = (
			);
			dependencies = (
				EF1F8C78281CE527002DE22C /* PBXTargetDependency */,
			);
			name = MarvelExplorerUITests;
			productName = MarvelExplorerUITests;
			productReference = EF1F8C76281CE527002DE22C /* MarvelExplorerUITests.xctest */;
			productType = "com.apple.product-type.bundle.ui-testing";
		};
/* End PBXNativeTarget section */

/* Begin PBXProject section */
		EF1F8C4E281CE525002DE22C /* Project object */ = {
			isa = PBXProject;
			attributes = {
				BuildIndependentTargetsInParallel = 1;
				LastSwiftUpdateCheck = 1330;
				LastUpgradeCheck = 1330;
				TargetAttributes = {
					EF1F8C55281CE525002DE22C = {
						CreatedOnToolsVersion = 13.3;
					};
					EF1F8C6B281CE527002DE22C = {
						CreatedOnToolsVersion = 13.3;
						TestTargetID = EF1F8C55281CE525002DE22C;
					};
					EF1F8C75281CE527002DE22C = {
						CreatedOnToolsVersion = 13.3;
						TestTargetID = EF1F8C55281CE525002DE22C;
					};
				};
			};
			buildConfigurationList = EF1F8C51281CE525002DE22C /* Build configuration list for PBXProject "MarvelExplorer" */;
			compatibilityVersion = "Xcode 13.0";
			developmentRegion = en;
			hasScannedForEncodings = 0;
			knownRegions = (
				en,
				Base,
			);
			mainGroup = EF1F8C4D281CE525002DE22C;
			productRefGroup = EF1F8C57281CE525002DE22C /* Products */;
			projectDirPath = "";
			projectRoot = "";
			targets = (
				EF1F8C55281CE525002DE22C /* MarvelExplorer */,
				EF1F8C6B281CE527002DE22C /* MarvelExplorerTests */,
				EF1F8C75281CE527002DE22C /* MarvelExplorerUITests */,
			);
		};
/* End PBXProject section */

/* Begin PBXResourcesBuildPhase section */
		EF1F8C54281CE525002DE22C /* Resources */ = {
			isa = PBXResourcesBuildPhase;
			buildActionMask = 2147483647;
			files = (
				EF1F8C66281CE527002DE22C /* LaunchScreen.storyboard in Resources */,
				EF1F8C63281CE527002DE22C /* Assets.xcassets in Resources */,
			);
			runOnlyForDeploymentPostprocessing = 0;
		};
		EF1F8C6A281CE527002DE22C /* Resources */ = {
			isa = PBXResourcesBuildPhase;
			buildActionMask = 2147483647;
			files = (
				EF2ADB84281E17B600D42C97 /* SeriesResponse.json in Resources */,
				EF92610C281E4AD5001BBFF4 /* FilteredSeries.json in Resources */,
			);
			runOnlyForDeploymentPostprocessing = 0;
		};
		EF1F8C74281CE527002DE22C /* Resources */ = {
			isa = PBXResourcesBuildPhase;
			buildActionMask = 2147483647;
			files = (
			);
			runOnlyForDeploymentPostprocessing = 0;
		};
/* End PBXResourcesBuildPhase section */

/* Begin PBXShellScriptBuildPhase section */
		37BE81F1D48505161BB4B014 /* [CP] Check Pods Manifest.lock */ = {
			isa = PBXShellScriptBuildPhase;
			buildActionMask = 2147483647;
			files = (
			);
			inputFileListPaths = (
			);
			inputPaths = (
				"${PODS_PODFILE_DIR_PATH}/Podfile.lock",
				"${PODS_ROOT}/Manifest.lock",
			);
			name = "[CP] Check Pods Manifest.lock";
			outputFileListPaths = (
			);
			outputPaths = (
				"$(DERIVED_FILE_DIR)/Pods-MarvelExplorer-checkManifestLockResult.txt",
			);
			runOnlyForDeploymentPostprocessing = 0;
			shellPath = /bin/sh;
			shellScript = "diff \"${PODS_PODFILE_DIR_PATH}/Podfile.lock\" \"${PODS_ROOT}/Manifest.lock\" > /dev/null\nif [ $? != 0 ] ; then\n    # print error to STDERR\n    echo \"error: The sandbox is not in sync with the Podfile.lock. Run 'pod install' or update your CocoaPods installation.\" >&2\n    exit 1\nfi\n# This output is used by Xcode 'outputs' to avoid re-running this script phase.\necho \"SUCCESS\" > \"${SCRIPT_OUTPUT_FILE_0}\"\n";
			showEnvVarsInLog = 0;
		};
		61304B96F4F8A9516447E472 /* [CP] Check Pods Manifest.lock */ = {
			isa = PBXShellScriptBuildPhase;
			buildActionMask = 2147483647;
			files = (
			);
			inputFileListPaths = (
			);
			inputPaths = (
				"${PODS_PODFILE_DIR_PATH}/Podfile.lock",
				"${PODS_ROOT}/Manifest.lock",
			);
			name = "[CP] Check Pods Manifest.lock";
			outputFileListPaths = (
			);
			outputPaths = (
				"$(DERIVED_FILE_DIR)/Pods-MarvelExplorerTests-checkManifestLockResult.txt",
			);
			runOnlyForDeploymentPostprocessing = 0;
			shellPath = /bin/sh;
			shellScript = "diff \"${PODS_PODFILE_DIR_PATH}/Podfile.lock\" \"${PODS_ROOT}/Manifest.lock\" > /dev/null\nif [ $? != 0 ] ; then\n    # print error to STDERR\n    echo \"error: The sandbox is not in sync with the Podfile.lock. Run 'pod install' or update your CocoaPods installation.\" >&2\n    exit 1\nfi\n# This output is used by Xcode 'outputs' to avoid re-running this script phase.\necho \"SUCCESS\" > \"${SCRIPT_OUTPUT_FILE_0}\"\n";
			showEnvVarsInLog = 0;
		};
		6EDF4FE5557C4DD102CD6356 /* [CP] Embed Pods Frameworks */ = {
			isa = PBXShellScriptBuildPhase;
			buildActionMask = 2147483647;
			files = (
			);
			inputFileListPaths = (
				"${PODS_ROOT}/Target Support Files/Pods-MarvelExplorer-MarvelExplorerUITests/Pods-MarvelExplorer-MarvelExplorerUITests-frameworks-${CONFIGURATION}-input-files.xcfilelist",
			);
			name = "[CP] Embed Pods Frameworks";
			outputFileListPaths = (
				"${PODS_ROOT}/Target Support Files/Pods-MarvelExplorer-MarvelExplorerUITests/Pods-MarvelExplorer-MarvelExplorerUITests-frameworks-${CONFIGURATION}-output-files.xcfilelist",
			);
			runOnlyForDeploymentPostprocessing = 0;
			shellPath = /bin/sh;
			shellScript = "\"${PODS_ROOT}/Target Support Files/Pods-MarvelExplorer-MarvelExplorerUITests/Pods-MarvelExplorer-MarvelExplorerUITests-frameworks.sh\"\n";
			showEnvVarsInLog = 0;
		};
		A3CC463F7EDB3D1AEE474C2E /* [CP] Check Pods Manifest.lock */ = {
			isa = PBXShellScriptBuildPhase;
			buildActionMask = 2147483647;
			files = (
			);
			inputFileListPaths = (
			);
			inputPaths = (
				"${PODS_PODFILE_DIR_PATH}/Podfile.lock",
				"${PODS_ROOT}/Manifest.lock",
			);
			name = "[CP] Check Pods Manifest.lock";
			outputFileListPaths = (
			);
			outputPaths = (
				"$(DERIVED_FILE_DIR)/Pods-MarvelExplorer-MarvelExplorerUITests-checkManifestLockResult.txt",
			);
			runOnlyForDeploymentPostprocessing = 0;
			shellPath = /bin/sh;
			shellScript = "diff \"${PODS_PODFILE_DIR_PATH}/Podfile.lock\" \"${PODS_ROOT}/Manifest.lock\" > /dev/null\nif [ $? != 0 ] ; then\n    # print error to STDERR\n    echo \"error: The sandbox is not in sync with the Podfile.lock. Run 'pod install' or update your CocoaPods installation.\" >&2\n    exit 1\nfi\n# This output is used by Xcode 'outputs' to avoid re-running this script phase.\necho \"SUCCESS\" > \"${SCRIPT_OUTPUT_FILE_0}\"\n";
			showEnvVarsInLog = 0;
		};
		AC26D8F54DF1AB4FE8D4A2DD /* [CP] Embed Pods Frameworks */ = {
			isa = PBXShellScriptBuildPhase;
			buildActionMask = 2147483647;
			files = (
			);
			inputFileListPaths = (
				"${PODS_ROOT}/Target Support Files/Pods-MarvelExplorer/Pods-MarvelExplorer-frameworks-${CONFIGURATION}-input-files.xcfilelist",
			);
			name = "[CP] Embed Pods Frameworks";
			outputFileListPaths = (
				"${PODS_ROOT}/Target Support Files/Pods-MarvelExplorer/Pods-MarvelExplorer-frameworks-${CONFIGURATION}-output-files.xcfilelist",
			);
			runOnlyForDeploymentPostprocessing = 0;
			shellPath = /bin/sh;
			shellScript = "\"${PODS_ROOT}/Target Support Files/Pods-MarvelExplorer/Pods-MarvelExplorer-frameworks.sh\"\n";
			showEnvVarsInLog = 0;
		};
/* End PBXShellScriptBuildPhase section */

/* Begin PBXSourcesBuildPhase section */
		EF1F8C52281CE525002DE22C /* Sources */ = {
			isa = PBXSourcesBuildPhase;
			buildActionMask = 2147483647;
			files = (
				EF1F8CE6281D1D24002DE22C /* SeriesListItemViewModel.swift in Sources */,
				EF1F8CC7281D05B9002DE22C /* Resource+MarvelSeries.swift in Sources */,
				EF1F8CA1281CE9C3002DE22C /* MarvelConstants.swift in Sources */,
				EF1F8CF7281DAE04002DE22C /* URL+HTTPS.swift in Sources */,
				EF1F8CF3281D38FD002DE22C /* DefaultMarvelSeriesCoverRepository.swift in Sources */,
				EF1F8C9A281CE8D1002DE22C /* NetworkServiceType.swift in Sources */,
				EF1F8CA4281CEB54002DE22C /* FlowCoordinator.swift in Sources */,
				EF1F8CAC281CEE53002DE22C /* ReposListNavigator.swift in Sources */,
				EF1F8CB8281CF1E7002DE22C /* SeriesListFlowCoordinator.swift in Sources */,
				EF1F8CE4281D1CB7002DE22C /* SeriesListViewModelType.swift in Sources */,
				EF1F8C5E281CE525002DE22C /* ViewController.swift in Sources */,
				EF1F8CDA281D190A002DE22C /* FetchSeriesUseCase.swift in Sources */,
				EF1F8C5A281CE525002DE22C /* AppDelegate.swift in Sources */,
				EF1F8CCD281D0E7B002DE22C /* String+md5.swift in Sources */,
				EF1F8CF9281DB500002DE22C /* SeriesListCollectionViewDelegate.swift in Sources */,
				EF1F8CA8281CED8F002DE22C /* ApplicationFlowCoordinatorDependencyProvider.swift in Sources */,
				EF1F8CCB281D0608002DE22C /* SeriesDTO.swift in Sources */,
				EF1F8CC1281D03B3002DE22C /* PosterImageRepository.swift in Sources */,
				EF1F8CD0281D10FB002DE22C /* Resource+MarvelParameters.swift in Sources */,
				EF1F8C9C281CE8D1002DE22C /* Resource.swift in Sources */,
				EF1F8CF5281D3C0A002DE22C /* LoadCoverUseCase.swift in Sources */,
				EF1F8CED281D2AEE002DE22C /* SeriesListView.swift in Sources */,
				EF1F8C8C281CE5E6002DE22C /* ImageCache.swift in Sources */,
				EF1F8C9B281CE8D1002DE22C /* NetworkService.swift in Sources */,
				EF1F8CFB281DB6BF002DE22C /* Haptics.swift in Sources */,
				EF1F8CC5281D047D002DE22C /* DefaultSeriesRepository.swift in Sources */,
				EF1F8CEF281D2B3E002DE22C /* SeriesCollectionViewCell.swift in Sources */,
				EF1F8CFF281E067B002DE22C /* AccessibilityIdentifiers.swift in Sources */,
				EF1F8CAF281CEE98002DE22C /* Series.swift in Sources */,
				EF1F8C91281CE6A4002DE22C /* AutoMockable.swift in Sources */,
				EF1F8CA6281CED73002DE22C /* AppFlowCoordinator.swift in Sources */,
				EF1F8CD5281D12EF002DE22C /* MarvelPaginator.swift in Sources */,
				EF1F8CDC281D1B2D002DE22C /* Scheduler.swift in Sources */,
				EF1F8C8D281CE5E6002DE22C /* ImageLoaderService.swift in Sources */,
				EF1F8CB3281CF03B002DE22C /* ApplicationComponentsFactory.swift in Sources */,
				EF1F8CEA281D1FF2002DE22C /* Publisher+flatMapLatest.swift in Sources */,
				EF1F8CD7281D1407002DE22C /* ThumbnailDTO.swift in Sources */,
				EF1F8CBA281CF6E4002DE22C /* Thumbnail.swift in Sources */,
				EF1F8CE8281D1E80002DE22C /* SeriesListViewModel.swift in Sources */,
				EF1F8CBF281CF97A002DE22C /* MarvelSeriesRepository.swift in Sources */,
				EF1F8C9E281CE965002DE22C /* ServiceProvider.swift in Sources */,
				EF1F8CD2281D1279002DE22C /* MarvelResponse.swift in Sources */,
				EF1F8C95281CE773002DE22C /* Publisher+ConvenienceMethods.swift in Sources */,
				EF1F8CF1281D2B7D002DE22C /* SeriesCellView.swift in Sources */,
				EF1F8CE0281D1BFF002DE22C /* SeriesListViewController.swift in Sources */,
			);
			runOnlyForDeploymentPostprocessing = 0;
		};
		EF1F8C68281CE527002DE22C /* Sources */ = {
			isa = PBXSourcesBuildPhase;
			buildActionMask = 2147483647;
			files = (
				EF926112281E5AF2001BBFF4 /* SeriesListViewModelTests.swift in Sources */,
				EFB055CE281E40CA00608B9D /* FetchMarvelSeriesUseCaseTests.swift in Sources */,
				EFB055C1281E352200608B9D /* ImageLoaderMock.swift in Sources */,
				EFB055BF281E31A200608B9D /* Decodable+loadFromFile.swift in Sources */,
				EF926115281E5B4B001BBFF4 /* SeriesListNavigatorMock.swift in Sources */,
				EF1F8D09281E14E7002DE22C /* NetworkServiceMock.swift in Sources */,
				EFF4E47B281E49C200D5CFE4 /* MarvelSeriesRepositoryTests.swift in Sources */,
				EFB055C7281E36BE00608B9D /* SeriesCoverRepositoryTypeMock.swift in Sources */,
				EF926117281E5D14001BBFF4 /* LoadSeriesCoverUseCaseMock.swift in Sources */,
				EF1F8D05281E0F4B002DE22C /* ApplicationFlowCoordinatorMock.swift in Sources */,
				EF1F8C71281CE527002DE22C /* MarvelExplorerTests.swift in Sources */,
				EFB055C4281E368B00608B9D /* MarvelSeriesCoverRepositoryTests.swift in Sources */,
				EFB055CB281E3E0300608B9D /* FetchMarvelSeriesUseCaseTypeMock.swift in Sources */,
				EF1F8D02281E0DB9002DE22C /* ApplicationFlowCoordinatorTests.swift in Sources */,
				EF1F8D0B281E15AF002DE22C /* NetworkServiceTests.swift in Sources */,
				EF1F8D07281E145F002DE22C /* URLProtocolMock.swift in Sources */,
				EFB055B7281E2D4E00608B9D /* MarvelSeriesRepositoryMock.swift in Sources */,
			);
			runOnlyForDeploymentPostprocessing = 0;
		};
		EF1F8C72281CE527002DE22C /* Sources */ = {
			isa = PBXSourcesBuildPhase;
			buildActionMask = 2147483647;
			files = (
				EF1F8C7D281CE527002DE22C /* MarvelExplorerUITestsLaunchTests.swift in Sources */,
				EF1F8C7B281CE527002DE22C /* MarvelExplorerUITests.swift in Sources */,
			);
			runOnlyForDeploymentPostprocessing = 0;
		};
/* End PBXSourcesBuildPhase section */

/* Begin PBXTargetDependency section */
		EF1F8C6E281CE527002DE22C /* PBXTargetDependency */ = {
			isa = PBXTargetDependency;
			target = EF1F8C55281CE525002DE22C /* MarvelExplorer */;
			targetProxy = EF1F8C6D281CE527002DE22C /* PBXContainerItemProxy */;
		};
		EF1F8C78281CE527002DE22C /* PBXTargetDependency */ = {
			isa = PBXTargetDependency;
			target = EF1F8C55281CE525002DE22C /* MarvelExplorer */;
			targetProxy = EF1F8C77281CE527002DE22C /* PBXContainerItemProxy */;
		};
/* End PBXTargetDependency section */

/* Begin PBXVariantGroup section */
		EF1F8C64281CE527002DE22C /* LaunchScreen.storyboard */ = {
			isa = PBXVariantGroup;
			children = (
				EF1F8C65281CE527002DE22C /* Base */,
			);
			name = LaunchScreen.storyboard;
			sourceTree = "<group>";
		};
/* End PBXVariantGroup section */

/* Begin XCBuildConfiguration section */
		EF1F8C7E281CE527002DE22C /* Debug */ = {
			isa = XCBuildConfiguration;
			buildSettings = {
				ALWAYS_SEARCH_USER_PATHS = NO;
				CLANG_ANALYZER_NONNULL = YES;
				CLANG_ANALYZER_NUMBER_OBJECT_CONVERSION = YES_AGGRESSIVE;
				CLANG_CXX_LANGUAGE_STANDARD = "gnu++17";
				CLANG_ENABLE_MODULES = YES;
				CLANG_ENABLE_OBJC_ARC = YES;
				CLANG_ENABLE_OBJC_WEAK = YES;
				CLANG_WARN_BLOCK_CAPTURE_AUTORELEASING = YES;
				CLANG_WARN_BOOL_CONVERSION = YES;
				CLANG_WARN_COMMA = YES;
				CLANG_WARN_CONSTANT_CONVERSION = YES;
				CLANG_WARN_DEPRECATED_OBJC_IMPLEMENTATIONS = YES;
				CLANG_WARN_DIRECT_OBJC_ISA_USAGE = YES_ERROR;
				CLANG_WARN_DOCUMENTATION_COMMENTS = YES;
				CLANG_WARN_EMPTY_BODY = YES;
				CLANG_WARN_ENUM_CONVERSION = YES;
				CLANG_WARN_INFINITE_RECURSION = YES;
				CLANG_WARN_INT_CONVERSION = YES;
				CLANG_WARN_NON_LITERAL_NULL_CONVERSION = YES;
				CLANG_WARN_OBJC_IMPLICIT_RETAIN_SELF = YES;
				CLANG_WARN_OBJC_LITERAL_CONVERSION = YES;
				CLANG_WARN_OBJC_ROOT_CLASS = YES_ERROR;
				CLANG_WARN_QUOTED_INCLUDE_IN_FRAMEWORK_HEADER = YES;
				CLANG_WARN_RANGE_LOOP_ANALYSIS = YES;
				CLANG_WARN_STRICT_PROTOTYPES = YES;
				CLANG_WARN_SUSPICIOUS_MOVE = YES;
				CLANG_WARN_UNGUARDED_AVAILABILITY = YES_AGGRESSIVE;
				CLANG_WARN_UNREACHABLE_CODE = YES;
				CLANG_WARN__DUPLICATE_METHOD_MATCH = YES;
				COPY_PHASE_STRIP = NO;
				DEBUG_INFORMATION_FORMAT = dwarf;
				ENABLE_STRICT_OBJC_MSGSEND = YES;
				ENABLE_TESTABILITY = YES;
				GCC_C_LANGUAGE_STANDARD = gnu11;
				GCC_DYNAMIC_NO_PIC = NO;
				GCC_NO_COMMON_BLOCKS = YES;
				GCC_OPTIMIZATION_LEVEL = 0;
				GCC_PREPROCESSOR_DEFINITIONS = (
					"DEBUG=1",
					"$(inherited)",
				);
				GCC_WARN_64_TO_32_BIT_CONVERSION = YES;
				GCC_WARN_ABOUT_RETURN_TYPE = YES_ERROR;
				GCC_WARN_UNDECLARED_SELECTOR = YES;
				GCC_WARN_UNINITIALIZED_AUTOS = YES_AGGRESSIVE;
				GCC_WARN_UNUSED_FUNCTION = YES;
				GCC_WARN_UNUSED_VARIABLE = YES;
				IPHONEOS_DEPLOYMENT_TARGET = 15.4;
				MTL_ENABLE_DEBUG_INFO = INCLUDE_SOURCE;
				MTL_FAST_MATH = YES;
				ONLY_ACTIVE_ARCH = YES;
				SDKROOT = iphoneos;
				SWIFT_ACTIVE_COMPILATION_CONDITIONS = DEBUG;
				SWIFT_OPTIMIZATION_LEVEL = "-Onone";
			};
			name = Debug;
		};
		EF1F8C7F281CE527002DE22C /* Release */ = {
			isa = XCBuildConfiguration;
			buildSettings = {
				ALWAYS_SEARCH_USER_PATHS = NO;
				CLANG_ANALYZER_NONNULL = YES;
				CLANG_ANALYZER_NUMBER_OBJECT_CONVERSION = YES_AGGRESSIVE;
				CLANG_CXX_LANGUAGE_STANDARD = "gnu++17";
				CLANG_ENABLE_MODULES = YES;
				CLANG_ENABLE_OBJC_ARC = YES;
				CLANG_ENABLE_OBJC_WEAK = YES;
				CLANG_WARN_BLOCK_CAPTURE_AUTORELEASING = YES;
				CLANG_WARN_BOOL_CONVERSION = YES;
				CLANG_WARN_COMMA = YES;
				CLANG_WARN_CONSTANT_CONVERSION = YES;
				CLANG_WARN_DEPRECATED_OBJC_IMPLEMENTATIONS = YES;
				CLANG_WARN_DIRECT_OBJC_ISA_USAGE = YES_ERROR;
				CLANG_WARN_DOCUMENTATION_COMMENTS = YES;
				CLANG_WARN_EMPTY_BODY = YES;
				CLANG_WARN_ENUM_CONVERSION = YES;
				CLANG_WARN_INFINITE_RECURSION = YES;
				CLANG_WARN_INT_CONVERSION = YES;
				CLANG_WARN_NON_LITERAL_NULL_CONVERSION = YES;
				CLANG_WARN_OBJC_IMPLICIT_RETAIN_SELF = YES;
				CLANG_WARN_OBJC_LITERAL_CONVERSION = YES;
				CLANG_WARN_OBJC_ROOT_CLASS = YES_ERROR;
				CLANG_WARN_QUOTED_INCLUDE_IN_FRAMEWORK_HEADER = YES;
				CLANG_WARN_RANGE_LOOP_ANALYSIS = YES;
				CLANG_WARN_STRICT_PROTOTYPES = YES;
				CLANG_WARN_SUSPICIOUS_MOVE = YES;
				CLANG_WARN_UNGUARDED_AVAILABILITY = YES_AGGRESSIVE;
				CLANG_WARN_UNREACHABLE_CODE = YES;
				CLANG_WARN__DUPLICATE_METHOD_MATCH = YES;
				COPY_PHASE_STRIP = NO;
				DEBUG_INFORMATION_FORMAT = "dwarf-with-dsym";
				ENABLE_NS_ASSERTIONS = NO;
				ENABLE_STRICT_OBJC_MSGSEND = YES;
				GCC_C_LANGUAGE_STANDARD = gnu11;
				GCC_NO_COMMON_BLOCKS = YES;
				GCC_WARN_64_TO_32_BIT_CONVERSION = YES;
				GCC_WARN_ABOUT_RETURN_TYPE = YES_ERROR;
				GCC_WARN_UNDECLARED_SELECTOR = YES;
				GCC_WARN_UNINITIALIZED_AUTOS = YES_AGGRESSIVE;
				GCC_WARN_UNUSED_FUNCTION = YES;
				GCC_WARN_UNUSED_VARIABLE = YES;
				IPHONEOS_DEPLOYMENT_TARGET = 15.4;
				MTL_ENABLE_DEBUG_INFO = NO;
				MTL_FAST_MATH = YES;
				SDKROOT = iphoneos;
				SWIFT_COMPILATION_MODE = wholemodule;
				SWIFT_OPTIMIZATION_LEVEL = "-O";
				VALIDATE_PRODUCT = YES;
			};
			name = Release;
		};
		EF1F8C81281CE527002DE22C /* Debug */ = {
			isa = XCBuildConfiguration;
			baseConfigurationReference = 7D963D98C93441A5A44E4B20 /* Pods-MarvelExplorer.debug.xcconfig */;
			buildSettings = {
				ASSETCATALOG_COMPILER_APPICON_NAME = AppIcon;
				ASSETCATALOG_COMPILER_GLOBAL_ACCENT_COLOR_NAME = AccentColor;
				CODE_SIGN_STYLE = Automatic;
				CURRENT_PROJECT_VERSION = 1;
				DEVELOPMENT_TEAM = VY964QG6LS;
				GENERATE_INFOPLIST_FILE = YES;
				INFOPLIST_FILE = MarvelExplorer/Info.plist;
				INFOPLIST_KEY_UIApplicationSupportsIndirectInputEvents = YES;
				INFOPLIST_KEY_UILaunchStoryboardName = LaunchScreen;
				INFOPLIST_KEY_UISupportedInterfaceOrientations_iPad = "UIInterfaceOrientationPortrait UIInterfaceOrientationPortraitUpsideDown UIInterfaceOrientationLandscapeLeft UIInterfaceOrientationLandscapeRight";
				INFOPLIST_KEY_UISupportedInterfaceOrientations_iPhone = "UIInterfaceOrientationPortrait UIInterfaceOrientationLandscapeLeft UIInterfaceOrientationLandscapeRight";
				LD_RUNPATH_SEARCH_PATHS = (
					"$(inherited)",
					"@executable_path/Frameworks",
				);
				MARKETING_VERSION = 1.0;
				PRODUCT_BUNDLE_IDENTIFIER = com.mostfa.MarvelExplorer;
				PRODUCT_NAME = "$(TARGET_NAME)";
				SWIFT_EMIT_LOC_STRINGS = YES;
				SWIFT_VERSION = 5.0;
				TARGETED_DEVICE_FAMILY = "1,2";
			};
			name = Debug;
		};
		EF1F8C82281CE527002DE22C /* Release */ = {
			isa = XCBuildConfiguration;
			baseConfigurationReference = 1900B5C7B8800C747726612E /* Pods-MarvelExplorer.release.xcconfig */;
			buildSettings = {
				ASSETCATALOG_COMPILER_APPICON_NAME = AppIcon;
				ASSETCATALOG_COMPILER_GLOBAL_ACCENT_COLOR_NAME = AccentColor;
				CODE_SIGN_STYLE = Automatic;
				CURRENT_PROJECT_VERSION = 1;
				DEVELOPMENT_TEAM = VY964QG6LS;
				GENERATE_INFOPLIST_FILE = YES;
				INFOPLIST_FILE = MarvelExplorer/Info.plist;
				INFOPLIST_KEY_UIApplicationSupportsIndirectInputEvents = YES;
				INFOPLIST_KEY_UILaunchStoryboardName = LaunchScreen;
				INFOPLIST_KEY_UISupportedInterfaceOrientations_iPad = "UIInterfaceOrientationPortrait UIInterfaceOrientationPortraitUpsideDown UIInterfaceOrientationLandscapeLeft UIInterfaceOrientationLandscapeRight";
				INFOPLIST_KEY_UISupportedInterfaceOrientations_iPhone = "UIInterfaceOrientationPortrait UIInterfaceOrientationLandscapeLeft UIInterfaceOrientationLandscapeRight";
				LD_RUNPATH_SEARCH_PATHS = (
					"$(inherited)",
					"@executable_path/Frameworks",
				);
				MARKETING_VERSION = 1.0;
				PRODUCT_BUNDLE_IDENTIFIER = com.mostfa.MarvelExplorer;
				PRODUCT_NAME = "$(TARGET_NAME)";
				SWIFT_EMIT_LOC_STRINGS = YES;
				SWIFT_VERSION = 5.0;
				TARGETED_DEVICE_FAMILY = "1,2";
			};
			name = Release;
		};
		EF1F8C84281CE527002DE22C /* Debug */ = {
			isa = XCBuildConfiguration;
			baseConfigurationReference = FED4EFA89B6C5DC4DF954497 /* Pods-MarvelExplorerTests.debug.xcconfig */;
			buildSettings = {
				ALWAYS_EMBED_SWIFT_STANDARD_LIBRARIES = YES;
				BUNDLE_LOADER = "$(TEST_HOST)";
				CODE_SIGN_STYLE = Automatic;
				CURRENT_PROJECT_VERSION = 1;
				DEVELOPMENT_TEAM = 4P4X5M92CT;
				GENERATE_INFOPLIST_FILE = YES;
				IPHONEOS_DEPLOYMENT_TARGET = 15.4;
				MARKETING_VERSION = 1.0;
				PRODUCT_BUNDLE_IDENTIFIER = com.mostfa.MarvelExplorerTests;
				PRODUCT_NAME = "$(TARGET_NAME)";
				SWIFT_EMIT_LOC_STRINGS = NO;
				SWIFT_VERSION = 5.0;
				TARGETED_DEVICE_FAMILY = "1,2";
				TEST_HOST = "$(BUILT_PRODUCTS_DIR)/MarvelExplorer.app/MarvelExplorer";
			};
			name = Debug;
		};
		EF1F8C85281CE527002DE22C /* Release */ = {
			isa = XCBuildConfiguration;
			baseConfigurationReference = 07B149FE83C4315E6A0F5E84 /* Pods-MarvelExplorerTests.release.xcconfig */;
			buildSettings = {
				ALWAYS_EMBED_SWIFT_STANDARD_LIBRARIES = YES;
				BUNDLE_LOADER = "$(TEST_HOST)";
				CODE_SIGN_STYLE = Automatic;
				CURRENT_PROJECT_VERSION = 1;
				DEVELOPMENT_TEAM = 4P4X5M92CT;
				GENERATE_INFOPLIST_FILE = YES;
				IPHONEOS_DEPLOYMENT_TARGET = 15.4;
				MARKETING_VERSION = 1.0;
				PRODUCT_BUNDLE_IDENTIFIER = com.mostfa.MarvelExplorerTests;
				PRODUCT_NAME = "$(TARGET_NAME)";
				SWIFT_EMIT_LOC_STRINGS = NO;
				SWIFT_VERSION = 5.0;
				TARGETED_DEVICE_FAMILY = "1,2";
				TEST_HOST = "$(BUILT_PRODUCTS_DIR)/MarvelExplorer.app/MarvelExplorer";
			};
			name = Release;
		};
		EF1F8C87281CE527002DE22C /* Debug */ = {
			isa = XCBuildConfiguration;
			baseConfigurationReference = 06B9B3D4F555D1A63DE4315F /* Pods-MarvelExplorer-MarvelExplorerUITests.debug.xcconfig */;
			buildSettings = {
				ALWAYS_EMBED_SWIFT_STANDARD_LIBRARIES = YES;
				CODE_SIGN_STYLE = Automatic;
				CURRENT_PROJECT_VERSION = 1;
				DEVELOPMENT_TEAM = 4P4X5M92CT;
				GENERATE_INFOPLIST_FILE = YES;
				MARKETING_VERSION = 1.0;
				PRODUCT_BUNDLE_IDENTIFIER = com.mostfa.MarvelExplorerUITests;
				PRODUCT_NAME = "$(TARGET_NAME)";
				SWIFT_EMIT_LOC_STRINGS = NO;
				SWIFT_VERSION = 5.0;
				TARGETED_DEVICE_FAMILY = "1,2";
				TEST_TARGET_NAME = MarvelExplorer;
			};
			name = Debug;
		};
		EF1F8C88281CE527002DE22C /* Release */ = {
			isa = XCBuildConfiguration;
			baseConfigurationReference = 056719C63820D3E16D558026 /* Pods-MarvelExplorer-MarvelExplorerUITests.release.xcconfig */;
			buildSettings = {
				ALWAYS_EMBED_SWIFT_STANDARD_LIBRARIES = YES;
				CODE_SIGN_STYLE = Automatic;
				CURRENT_PROJECT_VERSION = 1;
				DEVELOPMENT_TEAM = 4P4X5M92CT;
				GENERATE_INFOPLIST_FILE = YES;
				MARKETING_VERSION = 1.0;
				PRODUCT_BUNDLE_IDENTIFIER = com.mostfa.MarvelExplorerUITests;
				PRODUCT_NAME = "$(TARGET_NAME)";
				SWIFT_EMIT_LOC_STRINGS = NO;
				SWIFT_VERSION = 5.0;
				TARGETED_DEVICE_FAMILY = "1,2";
				TEST_TARGET_NAME = MarvelExplorer;
			};
			name = Release;
		};
/* End XCBuildConfiguration section */

/* Begin XCConfigurationList section */
		EF1F8C51281CE525002DE22C /* Build configuration list for PBXProject "MarvelExplorer" */ = {
			isa = XCConfigurationList;
			buildConfigurations = (
				EF1F8C7E281CE527002DE22C /* Debug */,
				EF1F8C7F281CE527002DE22C /* Release */,
			);
			defaultConfigurationIsVisible = 0;
			defaultConfigurationName = Release;
		};
		EF1F8C80281CE527002DE22C /* Build configuration list for PBXNativeTarget "MarvelExplorer" */ = {
			isa = XCConfigurationList;
			buildConfigurations = (
				EF1F8C81281CE527002DE22C /* Debug */,
				EF1F8C82281CE527002DE22C /* Release */,
			);
			defaultConfigurationIsVisible = 0;
			defaultConfigurationName = Release;
		};
		EF1F8C83281CE527002DE22C /* Build configuration list for PBXNativeTarget "MarvelExplorerTests" */ = {
			isa = XCConfigurationList;
			buildConfigurations = (
				EF1F8C84281CE527002DE22C /* Debug */,
				EF1F8C85281CE527002DE22C /* Release */,
			);
			defaultConfigurationIsVisible = 0;
			defaultConfigurationName = Release;
		};
		EF1F8C86281CE527002DE22C /* Build configuration list for PBXNativeTarget "MarvelExplorerUITests" */ = {
			isa = XCConfigurationList;
			buildConfigurations = (
				EF1F8C87281CE527002DE22C /* Debug */,
				EF1F8C88281CE527002DE22C /* Release */,
			);
			defaultConfigurationIsVisible = 0;
			defaultConfigurationName = Release;
		};
/* End XCConfigurationList section */
	};
	rootObject = EF1F8C4E281CE525002DE22C /* Project object */;
}
